// !$*UTF8*$!
{
	archiveVersion = 1;
	classes = {
	};
	objectVersion = 50;
	objects = {

/* Begin PBXBuildFile section */
		0D8578E921AC20C30008ACBC /* NYSauce.m in Sources */ = {isa = PBXBuildFile; fileRef = 0D8578E821AC20C30008ACBC /* NYSauce.m */; };
		0D8578EC21AC20E00008ACBC /* NYDough.m in Sources */ = {isa = PBXBuildFile; fileRef = 0D8578EB21AC20E00008ACBC /* NYDough.m */; };
		0DB77C8621AC1E9200A48DE8 /* Dough.m in Sources */ = {isa = PBXBuildFile; fileRef = 0DB77C8521AC1E9200A48DE8 /* Dough.m */; };
		0DB77C8921AC1E9D00A48DE8 /* Sauce.m in Sources */ = {isa = PBXBuildFile; fileRef = 0DB77C8821AC1E9D00A48DE8 /* Sauce.m */; };
		0DB77C8C21AC1EAB00A48DE8 /* Cheese.m in Sources */ = {isa = PBXBuildFile; fileRef = 0DB77C8B21AC1EAB00A48DE8 /* Cheese.m */; };
		0DB77C8F21AC1F0200A48DE8 /* CADough.m in Sources */ = {isa = PBXBuildFile; fileRef = 0DB77C8E21AC1F0200A48DE8 /* CADough.m */; };
		0DB77C9221AC1F0D00A48DE8 /* CASauce.m in Sources */ = {isa = PBXBuildFile; fileRef = 0DB77C9121AC1F0D00A48DE8 /* CASauce.m */; };
		0DB77C9521AC1F1900A48DE8 /* CACheese.m in Sources */ = {isa = PBXBuildFile; fileRef = 0DB77C9421AC1F1900A48DE8 /* CACheese.m */; };
		0DB77C9821AC1F2400A48DE8 /* NYCheese.m in Sources */ = {isa = PBXBuildFile; fileRef = 0DB77C9721AC1F2400A48DE8 /* NYCheese.m */; };
		0DB77CA121AC1F6D00A48DE8 /* IngredientFactory.m in Sources */ = {isa = PBXBuildFile; fileRef = 0DB77CA021AC1F6D00A48DE8 /* IngredientFactory.m */; };
		0DB77CA421AC1F9600A48DE8 /* CAIngredientFactory.m in Sources */ = {isa = PBXBuildFile; fileRef = 0DB77CA321AC1F9600A48DE8 /* CAIngredientFactory.m */; };
		0DB77CA721AC1FA100A48DE8 /* NYIngredientFactory.m in Sources */ = {isa = PBXBuildFile; fileRef = 0DB77CA621AC1FA100A48DE8 /* NYIngredientFactory.m */; };
		0DCAFC9B21AAEDB900968AB3 /* main.m in Sources */ = {isa = PBXBuildFile; fileRef = 0DCAFC9A21AAEDB900968AB3 /* main.m */; };
		0DCAFCC121AAEE3500968AB3 /* NYPizzaStore.m in Sources */ = {isa = PBXBuildFile; fileRef = 0DCAFCAF21AAEE3400968AB3 /* NYPizzaStore.m */; };
		0DCAFCC221AAEE3500968AB3 /* NYStyleCheesePizza.m in Sources */ = {isa = PBXBuildFile; fileRef = 0DCAFCB021AAEE3400968AB3 /* NYStyleCheesePizza.m */; };
		0DCAFCC321AAEE3500968AB3 /* NYStyleVeggiePizza.m in Sources */ = {isa = PBXBuildFile; fileRef = 0DCAFCB121AAEE3400968AB3 /* NYStyleVeggiePizza.m */; };
		0DCAFCC421AAEE3500968AB3 /* CAStylePepperoniPizza.m in Sources */ = {isa = PBXBuildFile; fileRef = 0DCAFCB621AAEE3400968AB3 /* CAStylePepperoniPizza.m */; };
		0DCAFCC521AAEE3500968AB3 /* CAStyleClamPizza.m in Sources */ = {isa = PBXBuildFile; fileRef = 0DCAFCB821AAEE3400968AB3 /* CAStyleClamPizza.m */; };
		0DCAFCC621AAEE3500968AB3 /* CAPizzaStore.m in Sources */ = {isa = PBXBuildFile; fileRef = 0DCAFCB921AAEE3400968AB3 /* CAPizzaStore.m */; };
		0DCAFCC821AAEE3500968AB3 /* Pizza.m in Sources */ = {isa = PBXBuildFile; fileRef = 0DCAFCBE21AAEE3500968AB3 /* Pizza.m */; };
		0DCAFCC921AAEE3500968AB3 /* PizzaStore.m in Sources */ = {isa = PBXBuildFile; fileRef = 0DCAFCBF21AAEE3500968AB3 /* PizzaStore.m */; };
		0DCAFCCB21AAEE4100968AB3 /* main.m in Sources */ = {isa = PBXBuildFile; fileRef = 0DCAFCCA21AAEE4100968AB3 /* main.m */; };
/* End PBXBuildFile section */

/* Begin PBXCopyFilesBuildPhase section */
		0DCAFC9521AAEDB900968AB3 /* CopyFiles */ = {
			isa = PBXCopyFilesBuildPhase;
			buildActionMask = 2147483647;
			dstPath = /usr/share/man/man1/;
			dstSubfolderSpec = 0;
			files = (
			);
			runOnlyForDeploymentPostprocessing = 1;
		};
		0DCAFCA321AAEE1600968AB3 /* CopyFiles */ = {
			isa = PBXCopyFilesBuildPhase;
			buildActionMask = 2147483647;
			dstPath = /usr/share/man/man1/;
			dstSubfolderSpec = 0;
			files = (
			);
			runOnlyForDeploymentPostprocessing = 1;
		};
/* End PBXCopyFilesBuildPhase section */

/* Begin PBXFileReference section */
		0D8578E721AC20C30008ACBC /* NYSauce.h */ = {isa = PBXFileReference; lastKnownFileType = sourcecode.c.h; path = NYSauce.h; sourceTree = "<group>"; };
		0D8578E821AC20C30008ACBC /* NYSauce.m */ = {isa = PBXFileReference; lastKnownFileType = sourcecode.c.objc; path = NYSauce.m; sourceTree = "<group>"; };
		0D8578EA21AC20E00008ACBC /* NYDough.h */ = {isa = PBXFileReference; lastKnownFileType = sourcecode.c.h; path = NYDough.h; sourceTree = "<group>"; };
		0D8578EB21AC20E00008ACBC /* NYDough.m */ = {isa = PBXFileReference; lastKnownFileType = sourcecode.c.objc; path = NYDough.m; sourceTree = "<group>"; };
		0DB77C8421AC1E9200A48DE8 /* Dough.h */ = {isa = PBXFileReference; lastKnownFileType = sourcecode.c.h; path = Dough.h; sourceTree = "<group>"; };
		0DB77C8521AC1E9200A48DE8 /* Dough.m */ = {isa = PBXFileReference; lastKnownFileType = sourcecode.c.objc; path = Dough.m; sourceTree = "<group>"; };
		0DB77C8721AC1E9D00A48DE8 /* Sauce.h */ = {isa = PBXFileReference; lastKnownFileType = sourcecode.c.h; path = Sauce.h; sourceTree = "<group>"; };
		0DB77C8821AC1E9D00A48DE8 /* Sauce.m */ = {isa = PBXFileReference; lastKnownFileType = sourcecode.c.objc; path = Sauce.m; sourceTree = "<group>"; };
		0DB77C8A21AC1EAB00A48DE8 /* Cheese.h */ = {isa = PBXFileReference; lastKnownFileType = sourcecode.c.h; path = Cheese.h; sourceTree = "<group>"; };
		0DB77C8B21AC1EAB00A48DE8 /* Cheese.m */ = {isa = PBXFileReference; lastKnownFileType = sourcecode.c.objc; path = Cheese.m; sourceTree = "<group>"; };
		0DB77C8D21AC1F0200A48DE8 /* CADough.h */ = {isa = PBXFileReference; lastKnownFileType = sourcecode.c.h; path = CADough.h; sourceTree = "<group>"; };
		0DB77C8E21AC1F0200A48DE8 /* CADough.m */ = {isa = PBXFileReference; lastKnownFileType = sourcecode.c.objc; path = CADough.m; sourceTree = "<group>"; };
		0DB77C9021AC1F0D00A48DE8 /* CASauce.h */ = {isa = PBXFileReference; lastKnownFileType = sourcecode.c.h; path = CASauce.h; sourceTree = "<group>"; };
		0DB77C9121AC1F0D00A48DE8 /* CASauce.m */ = {isa = PBXFileReference; lastKnownFileType = sourcecode.c.objc; path = CASauce.m; sourceTree = "<group>"; };
		0DB77C9321AC1F1900A48DE8 /* CACheese.h */ = {isa = PBXFileReference; lastKnownFileType = sourcecode.c.h; path = CACheese.h; sourceTree = "<group>"; };
		0DB77C9421AC1F1900A48DE8 /* CACheese.m */ = {isa = PBXFileReference; lastKnownFileType = sourcecode.c.objc; path = CACheese.m; sourceTree = "<group>"; };
		0DB77C9621AC1F2400A48DE8 /* NYCheese.h */ = {isa = PBXFileReference; lastKnownFileType = sourcecode.c.h; path = NYCheese.h; sourceTree = "<group>"; };
		0DB77C9721AC1F2400A48DE8 /* NYCheese.m */ = {isa = PBXFileReference; lastKnownFileType = sourcecode.c.objc; path = NYCheese.m; sourceTree = "<group>"; };
		0DB77C9F21AC1F6D00A48DE8 /* IngredientFactory.h */ = {isa = PBXFileReference; lastKnownFileType = sourcecode.c.h; path = IngredientFactory.h; sourceTree = "<group>"; };
		0DB77CA021AC1F6D00A48DE8 /* IngredientFactory.m */ = {isa = PBXFileReference; lastKnownFileType = sourcecode.c.objc; path = IngredientFactory.m; sourceTree = "<group>"; };
		0DB77CA221AC1F9600A48DE8 /* CAIngredientFactory.h */ = {isa = PBXFileReference; lastKnownFileType = sourcecode.c.h; path = CAIngredientFactory.h; sourceTree = "<group>"; };
		0DB77CA321AC1F9600A48DE8 /* CAIngredientFactory.m */ = {isa = PBXFileReference; lastKnownFileType = sourcecode.c.objc; path = CAIngredientFactory.m; sourceTree = "<group>"; };
		0DB77CA521AC1FA100A48DE8 /* NYIngredientFactory.h */ = {isa = PBXFileReference; lastKnownFileType = sourcecode.c.h; path = NYIngredientFactory.h; sourceTree = "<group>"; };
		0DB77CA621AC1FA100A48DE8 /* NYIngredientFactory.m */ = {isa = PBXFileReference; lastKnownFileType = sourcecode.c.objc; path = NYIngredientFactory.m; sourceTree = "<group>"; };
		0DCAFC9721AAEDB900968AB3 /* DesignPatterns */ = {isa = PBXFileReference; explicitFileType = "compiled.mach-o.executable"; includeInIndex = 0; path = DesignPatterns; sourceTree = BUILT_PRODUCTS_DIR; };
		0DCAFC9A21AAEDB900968AB3 /* main.m */ = {isa = PBXFileReference; lastKnownFileType = sourcecode.c.objc; path = main.m; sourceTree = "<group>"; };
		0DCAFCA521AAEE1600968AB3 /* Factory */ = {isa = PBXFileReference; explicitFileType = "compiled.mach-o.executable"; includeInIndex = 0; path = Factory; sourceTree = BUILT_PRODUCTS_DIR; };
		0DCAFCAE21AAEE3400968AB3 /* NYStyleVeggiePizza.h */ = {isa = PBXFileReference; fileEncoding = 4; lastKnownFileType = sourcecode.c.h; path = NYStyleVeggiePizza.h; sourceTree = "<group>"; };
		0DCAFCAF21AAEE3400968AB3 /* NYPizzaStore.m */ = {isa = PBXFileReference; fileEncoding = 4; lastKnownFileType = sourcecode.c.objc; path = NYPizzaStore.m; sourceTree = "<group>"; };
		0DCAFCB021AAEE3400968AB3 /* NYStyleCheesePizza.m */ = {isa = PBXFileReference; fileEncoding = 4; lastKnownFileType = sourcecode.c.objc; path = NYStyleCheesePizza.m; sourceTree = "<group>"; };
		0DCAFCB121AAEE3400968AB3 /* NYStyleVeggiePizza.m */ = {isa = PBXFileReference; fileEncoding = 4; lastKnownFileType = sourcecode.c.objc; path = NYStyleVeggiePizza.m; sourceTree = "<group>"; };
		0DCAFCB221AAEE3400968AB3 /* NYPizzaStore.h */ = {isa = PBXFileReference; fileEncoding = 4; lastKnownFileType = sourcecode.c.h; path = NYPizzaStore.h; sourceTree = "<group>"; };
		0DCAFCB321AAEE3400968AB3 /* NYStyleCheesePizza.h */ = {isa = PBXFileReference; fileEncoding = 4; lastKnownFileType = sourcecode.c.h; path = NYStyleCheesePizza.h; sourceTree = "<group>"; };
		0DCAFCB521AAEE3400968AB3 /* CAStyleClamPizza.h */ = {isa = PBXFileReference; fileEncoding = 4; lastKnownFileType = sourcecode.c.h; path = CAStyleClamPizza.h; sourceTree = "<group>"; };
		0DCAFCB621AAEE3400968AB3 /* CAStylePepperoniPizza.m */ = {isa = PBXFileReference; fileEncoding = 4; lastKnownFileType = sourcecode.c.objc; path = CAStylePepperoniPizza.m; sourceTree = "<group>"; };
		0DCAFCB721AAEE3400968AB3 /* CAPizzaStore.h */ = {isa = PBXFileReference; fileEncoding = 4; lastKnownFileType = sourcecode.c.h; path = CAPizzaStore.h; sourceTree = "<group>"; };
		0DCAFCB821AAEE3400968AB3 /* CAStyleClamPizza.m */ = {isa = PBXFileReference; fileEncoding = 4; lastKnownFileType = sourcecode.c.objc; path = CAStyleClamPizza.m; sourceTree = "<group>"; };
		0DCAFCB921AAEE3400968AB3 /* CAPizzaStore.m */ = {isa = PBXFileReference; fileEncoding = 4; lastKnownFileType = sourcecode.c.objc; path = CAPizzaStore.m; sourceTree = "<group>"; };
		0DCAFCBA21AAEE3400968AB3 /* CAStylePepperoniPizza.h */ = {isa = PBXFileReference; fileEncoding = 4; lastKnownFileType = sourcecode.c.h; path = CAStylePepperoniPizza.h; sourceTree = "<group>"; };
		0DCAFCBD21AAEE3500968AB3 /* PizzaStore.h */ = {isa = PBXFileReference; fileEncoding = 4; lastKnownFileType = sourcecode.c.h; path = PizzaStore.h; sourceTree = "<group>"; };
		0DCAFCBE21AAEE3500968AB3 /* Pizza.m */ = {isa = PBXFileReference; fileEncoding = 4; lastKnownFileType = sourcecode.c.objc; path = Pizza.m; sourceTree = "<group>"; };
		0DCAFCBF21AAEE3500968AB3 /* PizzaStore.m */ = {isa = PBXFileReference; fileEncoding = 4; lastKnownFileType = sourcecode.c.objc; path = PizzaStore.m; sourceTree = "<group>"; };
		0DCAFCC021AAEE3500968AB3 /* Pizza.h */ = {isa = PBXFileReference; fileEncoding = 4; lastKnownFileType = sourcecode.c.h; path = Pizza.h; sourceTree = "<group>"; };
		0DCAFCCA21AAEE4100968AB3 /* main.m */ = {isa = PBXFileReference; fileEncoding = 4; lastKnownFileType = sourcecode.c.objc; path = main.m; sourceTree = "<group>"; };
/* End PBXFileReference section */

/* Begin PBXFrameworksBuildPhase section */
		0DCAFC9421AAEDB900968AB3 /* Frameworks */ = {
			isa = PBXFrameworksBuildPhase;
			buildActionMask = 2147483647;
			files = (
			);
			runOnlyForDeploymentPostprocessing = 0;
		};
		0DCAFCA221AAEE1600968AB3 /* Frameworks */ = {
			isa = PBXFrameworksBuildPhase;
			buildActionMask = 2147483647;
			files = (
			);
			runOnlyForDeploymentPostprocessing = 0;
		};
/* End PBXFrameworksBuildPhase section */

/* Begin PBXGroup section */
		0DB77C7821AC1D7100A48DE8 /* Pizza */ = {
			isa = PBXGroup;
			children = (
				0DCAFCC021AAEE3500968AB3 /* Pizza.h */,
				0DCAFCBE21AAEE3500968AB3 /* Pizza.m */,
				0DB77C7C21AC1DB000A48DE8 /* CA */,
				0DB77C7B21AC1DAA00A48DE8 /* NewYork */,
			);
			path = Pizza;
			sourceTree = "<group>";
		};
		0DB77C7921AC1D7800A48DE8 /* PizzaStore */ = {
			isa = PBXGroup;
			children = (
				0DCAFCBD21AAEE3500968AB3 /* PizzaStore.h */,
				0DCAFCBF21AAEE3500968AB3 /* PizzaStore.m */,
				0DB77C7E21AC1DC400A48DE8 /* CA */,
				0DB77C7D21AC1DBE00A48DE8 /* NewYork */,
			);
			path = PizzaStore;
			sourceTree = "<group>";
		};
		0DB77C7A21AC1D7F00A48DE8 /* PizzaIngredient */ = {
			isa = PBXGroup;
			children = (
				0DB77CA821AC1FB900A48DE8 /* Abstract */,
				0DB77C8021AC1E0800A48DE8 /* CA */,
				0DB77C7F21AC1E0200A48DE8 /* NewYork */,
			);
			path = PizzaIngredient;
			sourceTree = "<group>";
		};
		0DB77C7B21AC1DAA00A48DE8 /* NewYork */ = {
			isa = PBXGroup;
			children = (
				0DCAFCAE21AAEE3400968AB3 /* NYStyleVeggiePizza.h */,
				0DCAFCB121AAEE3400968AB3 /* NYStyleVeggiePizza.m */,
				0DCAFCB321AAEE3400968AB3 /* NYStyleCheesePizza.h */,
				0DCAFCB021AAEE3400968AB3 /* NYStyleCheesePizza.m */,
			);
			path = NewYork;
			sourceTree = "<group>";
		};
		0DB77C7C21AC1DB000A48DE8 /* CA */ = {
			isa = PBXGroup;
			children = (
				0DCAFCB521AAEE3400968AB3 /* CAStyleClamPizza.h */,
				0DCAFCB821AAEE3400968AB3 /* CAStyleClamPizza.m */,
				0DCAFCBA21AAEE3400968AB3 /* CAStylePepperoniPizza.h */,
				0DCAFCB621AAEE3400968AB3 /* CAStylePepperoniPizza.m */,
			);
			path = CA;
			sourceTree = "<group>";
		};
		0DB77C7D21AC1DBE00A48DE8 /* NewYork */ = {
			isa = PBXGroup;
			children = (
				0DCAFCB221AAEE3400968AB3 /* NYPizzaStore.h */,
				0DCAFCAF21AAEE3400968AB3 /* NYPizzaStore.m */,
			);
			path = NewYork;
			sourceTree = "<group>";
		};
		0DB77C7E21AC1DC400A48DE8 /* CA */ = {
			isa = PBXGroup;
			children = (
				0DCAFCB721AAEE3400968AB3 /* CAPizzaStore.h */,
				0DCAFCB921AAEE3400968AB3 /* CAPizzaStore.m */,
			);
			path = CA;
			sourceTree = "<group>";
		};
		0DB77C7F21AC1E0200A48DE8 /* NewYork */ = {
			isa = PBXGroup;
			children = (
				0DB77C9621AC1F2400A48DE8 /* NYCheese.h */,
				0DB77C9721AC1F2400A48DE8 /* NYCheese.m */,
				0D8578E721AC20C30008ACBC /* NYSauce.h */,
				0D8578E821AC20C30008ACBC /* NYSauce.m */,
				0D8578EA21AC20E00008ACBC /* NYDough.h */,
				0D8578EB21AC20E00008ACBC /* NYDough.m */,
				0DB77CA521AC1FA100A48DE8 /* NYIngredientFactory.h */,
				0DB77CA621AC1FA100A48DE8 /* NYIngredientFactory.m */,
			);
			path = NewYork;
			sourceTree = "<group>";
		};
		0DB77C8021AC1E0800A48DE8 /* CA */ = {
			isa = PBXGroup;
			children = (
				0DB77C8D21AC1F0200A48DE8 /* CADough.h */,
				0DB77C8E21AC1F0200A48DE8 /* CADough.m */,
				0DB77C9021AC1F0D00A48DE8 /* CASauce.h */,
				0DB77C9121AC1F0D00A48DE8 /* CASauce.m */,
				0DB77C9321AC1F1900A48DE8 /* CACheese.h */,
				0DB77C9421AC1F1900A48DE8 /* CACheese.m */,
				0DB77CA221AC1F9600A48DE8 /* CAIngredientFactory.h */,
				0DB77CA321AC1F9600A48DE8 /* CAIngredientFactory.m */,
			);
			path = CA;
			sourceTree = "<group>";
		};
		0DB77CA821AC1FB900A48DE8 /* Abstract */ = {
			isa = PBXGroup;
			children = (
				0DB77C8421AC1E9200A48DE8 /* Dough.h */,
				0DB77C8521AC1E9200A48DE8 /* Dough.m */,
				0DB77C8721AC1E9D00A48DE8 /* Sauce.h */,
				0DB77C8821AC1E9D00A48DE8 /* Sauce.m */,
				0DB77C8A21AC1EAB00A48DE8 /* Cheese.h */,
				0DB77C8B21AC1EAB00A48DE8 /* Cheese.m */,
				0DB77C9F21AC1F6D00A48DE8 /* IngredientFactory.h */,
				0DB77CA021AC1F6D00A48DE8 /* IngredientFactory.m */,
			);
			path = Abstract;
			sourceTree = "<group>";
		};
		0DCAFC8E21AAEDB900968AB3 = {
			isa = PBXGroup;
			children = (
				0DCAFC9921AAEDB900968AB3 /* DesignPatterns */,
				0DCAFCA621AAEE1600968AB3 /* Factory */,
				0DCAFC9821AAEDB900968AB3 /* Products */,
			);
			sourceTree = "<group>";
		};
		0DCAFC9821AAEDB900968AB3 /* Products */ = {
			isa = PBXGroup;
			children = (
				0DCAFC9721AAEDB900968AB3 /* DesignPatterns */,
				0DCAFCA521AAEE1600968AB3 /* Factory */,
			);
			name = Products;
			sourceTree = "<group>";
		};
		0DCAFC9921AAEDB900968AB3 /* DesignPatterns */ = {
			isa = PBXGroup;
			children = (
				0DCAFC9A21AAEDB900968AB3 /* main.m */,
			);
			path = DesignPatterns;
			sourceTree = "<group>";
		};
		0DCAFCA621AAEE1600968AB3 /* Factory */ = {
			isa = PBXGroup;
			children = (
				0DCAFCCA21AAEE4100968AB3 /* main.m */,
				0DB77C7A21AC1D7F00A48DE8 /* PizzaIngredient */,
				0DB77C7921AC1D7800A48DE8 /* PizzaStore */,
				0DB77C7821AC1D7100A48DE8 /* Pizza */,
			);
			path = Factory;
			sourceTree = "<group>";
		};
/* End PBXGroup section */

/* Begin PBXNativeTarget section */
		0DCAFC9621AAEDB900968AB3 /* DesignPatterns */ = {
			isa = PBXNativeTarget;
			buildConfigurationList = 0DCAFC9E21AAEDB900968AB3 /* Build configuration list for PBXNativeTarget "DesignPatterns" */;
			buildPhases = (
				0DCAFC9321AAEDB900968AB3 /* Sources */,
				0DCAFC9421AAEDB900968AB3 /* Frameworks */,
				0DCAFC9521AAEDB900968AB3 /* CopyFiles */,
			);
			buildRules = (
			);
			dependencies = (
			);
			name = DesignPatterns;
			productName = DesignPatterns;
			productReference = 0DCAFC9721AAEDB900968AB3 /* DesignPatterns */;
			productType = "com.apple.product-type.tool";
		};
		0DCAFCA421AAEE1600968AB3 /* Factory */ = {
			isa = PBXNativeTarget;
			buildConfigurationList = 0DCAFCA921AAEE1600968AB3 /* Build configuration list for PBXNativeTarget "Factory" */;
			buildPhases = (
				0DCAFCA121AAEE1600968AB3 /* Sources */,
				0DCAFCA221AAEE1600968AB3 /* Frameworks */,
				0DCAFCA321AAEE1600968AB3 /* CopyFiles */,
			);
			buildRules = (
			);
			dependencies = (
			);
			name = Factory;
			productName = Factory;
			productReference = 0DCAFCA521AAEE1600968AB3 /* Factory */;
			productType = "com.apple.product-type.tool";
		};
/* End PBXNativeTarget section */

/* Begin PBXProject section */
		0DCAFC8F21AAEDB900968AB3 /* Project object */ = {
			isa = PBXProject;
			attributes = {
				LastUpgradeCheck = 1010;
				ORGANIZATIONNAME = "Vic Wan";
				TargetAttributes = {
					0DCAFC9621AAEDB900968AB3 = {
						CreatedOnToolsVersion = 10.1;
					};
					0DCAFCA421AAEE1600968AB3 = {
						CreatedOnToolsVersion = 10.1;
					};
				};
			};
			buildConfigurationList = 0DCAFC9221AAEDB900968AB3 /* Build configuration list for PBXProject "DesignPatterns" */;
			compatibilityVersion = "Xcode 9.3";
			developmentRegion = en;
			hasScannedForEncodings = 0;
			knownRegions = (
				en,
			);
			mainGroup = 0DCAFC8E21AAEDB900968AB3;
			productRefGroup = 0DCAFC9821AAEDB900968AB3 /* Products */;
			projectDirPath = "";
			projectRoot = "";
			targets = (
				0DCAFC9621AAEDB900968AB3 /* DesignPatterns */,
				0DCAFCA421AAEE1600968AB3 /* Factory */,
			);
		};
/* End PBXProject section */

/* Begin PBXSourcesBuildPhase section */
		0DCAFC9321AAEDB900968AB3 /* Sources */ = {
			isa = PBXSourcesBuildPhase;
			buildActionMask = 2147483647;
			files = (
				0DCAFC9B21AAEDB900968AB3 /* main.m in Sources */,
			);
			runOnlyForDeploymentPostprocessing = 0;
		};
		0DCAFCA121AAEE1600968AB3 /* Sources */ = {
			isa = PBXSourcesBuildPhase;
			buildActionMask = 2147483647;
			files = (
				0DB77CA721AC1FA100A48DE8 /* NYIngredientFactory.m in Sources */,
				0DCAFCC821AAEE3500968AB3 /* Pizza.m in Sources */,
				0DB77C9221AC1F0D00A48DE8 /* CASauce.m in Sources */,
				0DCAFCC321AAEE3500968AB3 /* NYStyleVeggiePizza.m in Sources */,
				0DCAFCC521AAEE3500968AB3 /* CAStyleClamPizza.m in Sources */,
				0DB77C8621AC1E9200A48DE8 /* Dough.m in Sources */,
				0DB77C8C21AC1EAB00A48DE8 /* Cheese.m in Sources */,
				0DCAFCC621AAEE3500968AB3 /* CAPizzaStore.m in Sources */,
				0D8578E921AC20C30008ACBC /* NYSauce.m in Sources */,
				0DB77CA121AC1F6D00A48DE8 /* IngredientFactory.m in Sources */,
				0DCAFCC221AAEE3500968AB3 /* NYStyleCheesePizza.m in Sources */,
				0DCAFCC921AAEE3500968AB3 /* PizzaStore.m in Sources */,
				0DB77C9821AC1F2400A48DE8 /* NYCheese.m in Sources */,
				0DCAFCC121AAEE3500968AB3 /* NYPizzaStore.m in Sources */,
				0DB77C8F21AC1F0200A48DE8 /* CADough.m in Sources */,
				0DCAFCCB21AAEE4100968AB3 /* main.m in Sources */,
				0DB77C8921AC1E9D00A48DE8 /* Sauce.m in Sources */,
				0DB77CA421AC1F9600A48DE8 /* CAIngredientFactory.m in Sources */,
				0DB77C9521AC1F1900A48DE8 /* CACheese.m in Sources */,
				0DCAFCC421AAEE3500968AB3 /* CAStylePepperoniPizza.m in Sources */,
				0D8578EC21AC20E00008ACBC /* NYDough.m in Sources */,
			);
			runOnlyForDeploymentPostprocessing = 0;
		};
/* End PBXSourcesBuildPhase section */

/* Begin XCBuildConfiguration section */
		0DCAFC9C21AAEDB900968AB3 /* Debug */ = {
			isa = XCBuildConfiguration;
			buildSettings = {
				ALWAYS_SEARCH_USER_PATHS = NO;
				CLANG_ANALYZER_NONNULL = YES;
				CLANG_ANALYZER_NUMBER_OBJECT_CONVERSION = YES_AGGRESSIVE;
				CLANG_CXX_LANGUAGE_STANDARD = "gnu++14";
				CLANG_CXX_LIBRARY = "libc++";
				CLANG_ENABLE_MODULES = YES;
				CLANG_ENABLE_OBJC_ARC = YES;
				CLANG_ENABLE_OBJC_WEAK = YES;
				CLANG_WARN_BLOCK_CAPTURE_AUTORELEASING = YES;
				CLANG_WARN_BOOL_CONVERSION = YES;
				CLANG_WARN_COMMA = YES;
				CLANG_WARN_CONSTANT_CONVERSION = YES;
				CLANG_WARN_DEPRECATED_OBJC_IMPLEMENTATIONS = YES;
				CLANG_WARN_DIRECT_OBJC_ISA_USAGE = YES_ERROR;
				CLANG_WARN_DOCUMENTATION_COMMENTS = YES;
				CLANG_WARN_EMPTY_BODY = YES;
				CLANG_WARN_ENUM_CONVERSION = YES;
				CLANG_WARN_INFINITE_RECURSION = YES;
				CLANG_WARN_INT_CONVERSION = YES;
				CLANG_WARN_NON_LITERAL_NULL_CONVERSION = YES;
				CLANG_WARN_OBJC_IMPLICIT_RETAIN_SELF = YES;
				CLANG_WARN_OBJC_LITERAL_CONVERSION = YES;
				CLANG_WARN_OBJC_ROOT_CLASS = YES_ERROR;
				CLANG_WARN_RANGE_LOOP_ANALYSIS = YES;
				CLANG_WARN_STRICT_PROTOTYPES = YES;
				CLANG_WARN_SUSPICIOUS_MOVE = YES;
				CLANG_WARN_UNGUARDED_AVAILABILITY = YES_AGGRESSIVE;
				CLANG_WARN_UNREACHABLE_CODE = YES;
				CLANG_WARN__DUPLICATE_METHOD_MATCH = YES;
				CODE_SIGN_IDENTITY = "Mac Developer";
				COPY_PHASE_STRIP = NO;
				DEBUG_INFORMATION_FORMAT = dwarf;
				ENABLE_STRICT_OBJC_MSGSEND = YES;
				ENABLE_TESTABILITY = YES;
				GCC_C_LANGUAGE_STANDARD = gnu11;
				GCC_DYNAMIC_NO_PIC = NO;
				GCC_NO_COMMON_BLOCKS = YES;
				GCC_OPTIMIZATION_LEVEL = 0;
				GCC_PREPROCESSOR_DEFINITIONS = (
					"DEBUG=1",
					"$(inherited)",
				);
				GCC_WARN_64_TO_32_BIT_CONVERSION = YES;
				GCC_WARN_ABOUT_RETURN_TYPE = YES_ERROR;
				GCC_WARN_UNDECLARED_SELECTOR = YES;
				GCC_WARN_UNINITIALIZED_AUTOS = YES_AGGRESSIVE;
				GCC_WARN_UNUSED_FUNCTION = YES;
				GCC_WARN_UNUSED_VARIABLE = YES;
				MACOSX_DEPLOYMENT_TARGET = 10.14;
				MTL_ENABLE_DEBUG_INFO = INCLUDE_SOURCE;
				MTL_FAST_MATH = YES;
				ONLY_ACTIVE_ARCH = YES;
				SDKROOT = macosx;
			};
			name = Debug;
		};
		0DCAFC9D21AAEDB900968AB3 /* Release */ = {
			isa = XCBuildConfiguration;
			buildSettings = {
				ALWAYS_SEARCH_USER_PATHS = NO;
				CLANG_ANALYZER_NONNULL = YES;
				CLANG_ANALYZER_NUMBER_OBJECT_CONVERSION = YES_AGGRESSIVE;
				CLANG_CXX_LANGUAGE_STANDARD = "gnu++14";
				CLANG_CXX_LIBRARY = "libc++";
				CLANG_ENABLE_MODULES = YES;
				CLANG_ENABLE_OBJC_ARC = YES;
				CLANG_ENABLE_OBJC_WEAK = YES;
				CLANG_WARN_BLOCK_CAPTURE_AUTORELEASING = YES;
				CLANG_WARN_BOOL_CONVERSION = YES;
				CLANG_WARN_COMMA = YES;
				CLANG_WARN_CONSTANT_CONVERSION = YES;
				CLANG_WARN_DEPRECATED_OBJC_IMPLEMENTATIONS = YES;
				CLANG_WARN_DIRECT_OBJC_ISA_USAGE = YES_ERROR;
				CLANG_WARN_DOCUMENTATION_COMMENTS = YES;
				CLANG_WARN_EMPTY_BODY = YES;
				CLANG_WARN_ENUM_CONVERSION = YES;
				CLANG_WARN_INFINITE_RECURSION = YES;
				CLANG_WARN_INT_CONVERSION = YES;
				CLANG_WARN_NON_LITERAL_NULL_CONVERSION = YES;
				CLANG_WARN_OBJC_IMPLICIT_RETAIN_SELF = YES;
				CLANG_WARN_OBJC_LITERAL_CONVERSION = YES;
				CLANG_WARN_OBJC_ROOT_CLASS = YES_ERROR;
				CLANG_WARN_RANGE_LOOP_ANALYSIS = YES;
				CLANG_WARN_STRICT_PROTOTYPES = YES;
				CLANG_WARN_SUSPICIOUS_MOVE = YES;
				CLANG_WARN_UNGUARDED_AVAILABILITY = YES_AGGRESSIVE;
				CLANG_WARN_UNREACHABLE_CODE = YES;
				CLANG_WARN__DUPLICATE_METHOD_MATCH = YES;
				CODE_SIGN_IDENTITY = "Mac Developer";
				COPY_PHASE_STRIP = NO;
				DEBUG_INFORMATION_FORMAT = "dwarf-with-dsym";
				ENABLE_NS_ASSERTIONS = NO;
				ENABLE_STRICT_OBJC_MSGSEND = YES;
				GCC_C_LANGUAGE_STANDARD = gnu11;
				GCC_NO_COMMON_BLOCKS = YES;
				GCC_WARN_64_TO_32_BIT_CONVERSION = YES;
				GCC_WARN_ABOUT_RETURN_TYPE = YES_ERROR;
				GCC_WARN_UNDECLARED_SELECTOR = YES;
				GCC_WARN_UNINITIALIZED_AUTOS = YES_AGGRESSIVE;
				GCC_WARN_UNUSED_FUNCTION = YES;
				GCC_WARN_UNUSED_VARIABLE = YES;
				MACOSX_DEPLOYMENT_TARGET = 10.14;
				MTL_ENABLE_DEBUG_INFO = NO;
				MTL_FAST_MATH = YES;
				SDKROOT = macosx;
			};
			name = Release;
		};
		0DCAFC9F21AAEDB900968AB3 /* Debug */ = {
			isa = XCBuildConfiguration;
			buildSettings = {
				CODE_SIGN_STYLE = Automatic;
				DEVELOPMENT_TEAM = 389BMU82Q2;
				PRODUCT_NAME = "$(TARGET_NAME)";
			};
			name = Debug;
		};
		0DCAFCA021AAEDB900968AB3 /* Release */ = {
			isa = XCBuildConfiguration;
			buildSettings = {
				CODE_SIGN_STYLE = Automatic;
				DEVELOPMENT_TEAM = 389BMU82Q2;
				PRODUCT_NAME = "$(TARGET_NAME)";
			};
			name = Release;
		};
		0DCAFCAA21AAEE1600968AB3 /* Debug */ = {
			isa = XCBuildConfiguration;
			buildSettings = {
				CODE_SIGN_STYLE = Automatic;
				DEVELOPMENT_TEAM = 389BMU82Q2;
				PRODUCT_NAME = "$(TARGET_NAME)";
			};
			name = Debug;
		};
		0DCAFCAB21AAEE1600968AB3 /* Release */ = {
			isa = XCBuildConfiguration;
			buildSettings = {
				CODE_SIGN_STYLE = Automatic;
				DEVELOPMENT_TEAM = 389BMU82Q2;
				PRODUCT_NAME = "$(TARGET_NAME)";
			};
			name = Release;
		};
/* End XCBuildConfiguration section */

/* Begin XCConfigurationList section */
		0DCAFC9221AAEDB900968AB3 /* Build configuration list for PBXProject "DesignPatterns" */ = {
			isa = XCConfigurationList;
			buildConfigurations = (
				0DCAFC9C21AAEDB900968AB3 /* Debug */,
				0DCAFC9D21AAEDB900968AB3 /* Release */,
			);
			defaultConfigurationIsVisible = 0;
			defaultConfigurationName = Release;
		};
		0DCAFC9E21AAEDB900968AB3 /* Build configuration list for PBXNativeTarget "DesignPatterns" */ = {
			isa = XCConfigurationList;
			buildConfigurations = (
				0DCAFC9F21AAEDB900968AB3 /* Debug */,
				0DCAFCA021AAEDB900968AB3 /* Release */,
			);
			defaultConfigurationIsVisible = 0;
			defaultConfigurationName = Release;
		};
		0DCAFCA921AAEE1600968AB3 /* Build configuration list for PBXNativeTarget "Factory" */ = {
			isa = XCConfigurationList;
			buildConfigurations = (
				0DCAFCAA21AAEE1600968AB3 /* Debug */,
				0DCAFCAB21AAEE1600968AB3 /* Release */,
			);
			defaultConfigurationIsVisible = 0;
			defaultConfigurationName = Release;
		};
/* End XCConfigurationList section */
	};
	rootObject = 0DCAFC8F21AAEDB900968AB3 /* Project object */;
}
