// !$*UTF8*$!
{
	archiveVersion = 1;
	classes = {
	};
	objectVersion = 50;
	objects = {

/* Begin PBXBuildFile section */
		0D0A818E21B5815C001470EE /* main.m in Sources */ = {isa = PBXBuildFile; fileRef = 0D0A818D21B5815C001470EE /* main.m */; };
		0D0A819221B58163001470EE /* CaffeineBeverage.m in Sources */ = {isa = PBXBuildFile; fileRef = 0D0A817E21B580F8001470EE /* CaffeineBeverage.m */; };
		0D0A819321B58163001470EE /* Coffee.m in Sources */ = {isa = PBXBuildFile; fileRef = 0D0A818121B5811D001470EE /* Coffee.m */; };
		0D0A819421B58163001470EE /* Tea.m in Sources */ = {isa = PBXBuildFile; fileRef = 0D0A818421B58136001470EE /* Tea.m */; };
		0D0C5B7421B3FD9D00BBBBE0 /* main.m in Sources */ = {isa = PBXBuildFile; fileRef = 0D0C5B7321B3FD9D00BBBBE0 /* main.m */; };
		0D0C5B7B21B3FEAD00BBBBE0 /* MallardDuck.m in Sources */ = {isa = PBXBuildFile; fileRef = 0D0C5B7A21B3FEAD00BBBBE0 /* MallardDuck.m */; };
		0D0C5B7E21B3FF0C00BBBBE0 /* WildTurkey.m in Sources */ = {isa = PBXBuildFile; fileRef = 0D0C5B7D21B3FF0C00BBBBE0 /* WildTurkey.m */; };
		0D0C5B8221B3FFC400BBBBE0 /* TurkeyAdapter.m in Sources */ = {isa = PBXBuildFile; fileRef = 0D0C5B8121B3FFC400BBBBE0 /* TurkeyAdapter.m */; };
		0D7A671C21B3C20B00274888 /* NoCommand.m in Sources */ = {isa = PBXBuildFile; fileRef = 0D7A671B21B3C20B00274888 /* NoCommand.m */; };
		0D8578E921AC20C30008ACBC /* NYSauce.m in Sources */ = {isa = PBXBuildFile; fileRef = 0D8578E821AC20C30008ACBC /* NYSauce.m */; };
		0D8578EC21AC20E00008ACBC /* NYDough.m in Sources */ = {isa = PBXBuildFile; fileRef = 0D8578EB21AC20E00008ACBC /* NYDough.m */; };
		0DB028F721B3BA8B00919B87 /* main.m in Sources */ = {isa = PBXBuildFile; fileRef = 0DB028F621B3BA8B00919B87 /* main.m */; };
		0DB0290021B3BAED00919B87 /* Command.m in Sources */ = {isa = PBXBuildFile; fileRef = 0DB028FF21B3BAED00919B87 /* Command.m */; };
		0DB0290321B3BB0300919B87 /* LightOnCommand.m in Sources */ = {isa = PBXBuildFile; fileRef = 0DB0290221B3BB0300919B87 /* LightOnCommand.m */; };
		0DB0290621B3BB1200919B87 /* LightOffCommand.m in Sources */ = {isa = PBXBuildFile; fileRef = 0DB0290521B3BB1200919B87 /* LightOffCommand.m */; };
		0DB0290921B3BB5A00919B87 /* Light.m in Sources */ = {isa = PBXBuildFile; fileRef = 0DB0290821B3BB5A00919B87 /* Light.m */; };
		0DB0290C21B3BB7700919B87 /* RemoteController.m in Sources */ = {isa = PBXBuildFile; fileRef = 0DB0290B21B3BB7700919B87 /* RemoteController.m */; };
		0DB77C8621AC1E9200A48DE8 /* Dough.m in Sources */ = {isa = PBXBuildFile; fileRef = 0DB77C8521AC1E9200A48DE8 /* Dough.m */; };
		0DB77C8921AC1E9D00A48DE8 /* Sauce.m in Sources */ = {isa = PBXBuildFile; fileRef = 0DB77C8821AC1E9D00A48DE8 /* Sauce.m */; };
		0DB77C8C21AC1EAB00A48DE8 /* Cheese.m in Sources */ = {isa = PBXBuildFile; fileRef = 0DB77C8B21AC1EAB00A48DE8 /* Cheese.m */; };
		0DB77C8F21AC1F0200A48DE8 /* CADough.m in Sources */ = {isa = PBXBuildFile; fileRef = 0DB77C8E21AC1F0200A48DE8 /* CADough.m */; };
		0DB77C9221AC1F0D00A48DE8 /* CASauce.m in Sources */ = {isa = PBXBuildFile; fileRef = 0DB77C9121AC1F0D00A48DE8 /* CASauce.m */; };
		0DB77C9521AC1F1900A48DE8 /* CACheese.m in Sources */ = {isa = PBXBuildFile; fileRef = 0DB77C9421AC1F1900A48DE8 /* CACheese.m */; };
		0DB77C9821AC1F2400A48DE8 /* NYCheese.m in Sources */ = {isa = PBXBuildFile; fileRef = 0DB77C9721AC1F2400A48DE8 /* NYCheese.m */; };
		0DB77CA121AC1F6D00A48DE8 /* IngredientFactory.m in Sources */ = {isa = PBXBuildFile; fileRef = 0DB77CA021AC1F6D00A48DE8 /* IngredientFactory.m */; };
		0DB77CA421AC1F9600A48DE8 /* CAIngredientFactory.m in Sources */ = {isa = PBXBuildFile; fileRef = 0DB77CA321AC1F9600A48DE8 /* CAIngredientFactory.m */; };
		0DB77CA721AC1FA100A48DE8 /* NYIngredientFactory.m in Sources */ = {isa = PBXBuildFile; fileRef = 0DB77CA621AC1FA100A48DE8 /* NYIngredientFactory.m */; };
		0DC5C33721B3CEFF00330478 /* GarageDoorUpCommand.m in Sources */ = {isa = PBXBuildFile; fileRef = 0DC5C33621B3CEFF00330478 /* GarageDoorUpCommand.m */; };
		0DC5C33A21B3CF0B00330478 /* GarageDoorDownCommand.m in Sources */ = {isa = PBXBuildFile; fileRef = 0DC5C33921B3CF0B00330478 /* GarageDoorDownCommand.m */; };
		0DC5C33D21B3CF2600330478 /* GarageDoor.m in Sources */ = {isa = PBXBuildFile; fileRef = 0DC5C33C21B3CF2600330478 /* GarageDoor.m */; };
		0DC5C34021B3D0E600330478 /* Stereo.m in Sources */ = {isa = PBXBuildFile; fileRef = 0DC5C33F21B3D0E600330478 /* Stereo.m */; };
		0DC5C34321B3D0FD00330478 /* CeilingFan.m in Sources */ = {isa = PBXBuildFile; fileRef = 0DC5C34221B3D0FD00330478 /* CeilingFan.m */; };
		0DC5C34621B3D12400330478 /* StereoOnCommand.m in Sources */ = {isa = PBXBuildFile; fileRef = 0DC5C34521B3D12400330478 /* StereoOnCommand.m */; };
		0DC5C34921B3D13400330478 /* StereoOffCommand.m in Sources */ = {isa = PBXBuildFile; fileRef = 0DC5C34821B3D13400330478 /* StereoOffCommand.m */; };
		0DC5C34C21B3D14400330478 /* CeilingFanOnCommand.m in Sources */ = {isa = PBXBuildFile; fileRef = 0DC5C34B21B3D14400330478 /* CeilingFanOnCommand.m */; };
		0DC5C34F21B3D14F00330478 /* CeilingFanOffCommand.m in Sources */ = {isa = PBXBuildFile; fileRef = 0DC5C34E21B3D14F00330478 /* CeilingFanOffCommand.m */; };
		0DC5C35221B3E7F600330478 /* MacroCommand.m in Sources */ = {isa = PBXBuildFile; fileRef = 0DC5C35121B3E7F600330478 /* MacroCommand.m */; };
		0DCAFC9B21AAEDB900968AB3 /* main.m in Sources */ = {isa = PBXBuildFile; fileRef = 0DCAFC9A21AAEDB900968AB3 /* main.m */; };
		0DCAFCC121AAEE3500968AB3 /* NYPizzaStore.m in Sources */ = {isa = PBXBuildFile; fileRef = 0DCAFCAF21AAEE3400968AB3 /* NYPizzaStore.m */; };
		0DCAFCC221AAEE3500968AB3 /* NYStyleCheesePizza.m in Sources */ = {isa = PBXBuildFile; fileRef = 0DCAFCB021AAEE3400968AB3 /* NYStyleCheesePizza.m */; };
		0DCAFCC321AAEE3500968AB3 /* NYStyleVeggiePizza.m in Sources */ = {isa = PBXBuildFile; fileRef = 0DCAFCB121AAEE3400968AB3 /* NYStyleVeggiePizza.m */; };
		0DCAFCC421AAEE3500968AB3 /* CAStylePepperoniPizza.m in Sources */ = {isa = PBXBuildFile; fileRef = 0DCAFCB621AAEE3400968AB3 /* CAStylePepperoniPizza.m */; };
		0DCAFCC521AAEE3500968AB3 /* CAStyleClamPizza.m in Sources */ = {isa = PBXBuildFile; fileRef = 0DCAFCB821AAEE3400968AB3 /* CAStyleClamPizza.m */; };
		0DCAFCC621AAEE3500968AB3 /* CAPizzaStore.m in Sources */ = {isa = PBXBuildFile; fileRef = 0DCAFCB921AAEE3400968AB3 /* CAPizzaStore.m */; };
		0DCAFCC821AAEE3500968AB3 /* Pizza.m in Sources */ = {isa = PBXBuildFile; fileRef = 0DCAFCBE21AAEE3500968AB3 /* Pizza.m */; };
		0DCAFCC921AAEE3500968AB3 /* PizzaStore.m in Sources */ = {isa = PBXBuildFile; fileRef = 0DCAFCBF21AAEE3500968AB3 /* PizzaStore.m */; };
		0DCAFCCB21AAEE4100968AB3 /* main.m in Sources */ = {isa = PBXBuildFile; fileRef = 0DCAFCCA21AAEE4100968AB3 /* main.m */; };
/* End PBXBuildFile section */

/* Begin PBXCopyFilesBuildPhase section */
		0D0A818921B5815C001470EE /* CopyFiles */ = {
			isa = PBXCopyFilesBuildPhase;
			buildActionMask = 2147483647;
			dstPath = /usr/share/man/man1/;
			dstSubfolderSpec = 0;
			files = (
			);
			runOnlyForDeploymentPostprocessing = 1;
		};
		0D0C5B6F21B3FD9D00BBBBE0 /* CopyFiles */ = {
			isa = PBXCopyFilesBuildPhase;
			buildActionMask = 2147483647;
			dstPath = /usr/share/man/man1/;
			dstSubfolderSpec = 0;
			files = (
			);
			runOnlyForDeploymentPostprocessing = 1;
		};
		0DB028F221B3BA8B00919B87 /* CopyFiles */ = {
			isa = PBXCopyFilesBuildPhase;
			buildActionMask = 2147483647;
			dstPath = /usr/share/man/man1/;
			dstSubfolderSpec = 0;
			files = (
			);
			runOnlyForDeploymentPostprocessing = 1;
		};
		0DCAFC9521AAEDB900968AB3 /* CopyFiles */ = {
			isa = PBXCopyFilesBuildPhase;
			buildActionMask = 2147483647;
			dstPath = /usr/share/man/man1/;
			dstSubfolderSpec = 0;
			files = (
			);
			runOnlyForDeploymentPostprocessing = 1;
		};
		0DCAFCA321AAEE1600968AB3 /* CopyFiles */ = {
			isa = PBXCopyFilesBuildPhase;
			buildActionMask = 2147483647;
			dstPath = /usr/share/man/man1/;
			dstSubfolderSpec = 0;
			files = (
			);
			runOnlyForDeploymentPostprocessing = 1;
		};
/* End PBXCopyFilesBuildPhase section */

/* Begin PBXFileReference section */
		0D0A817D21B580F8001470EE /* CaffeineBeverage.h */ = {isa = PBXFileReference; lastKnownFileType = sourcecode.c.h; path = CaffeineBeverage.h; sourceTree = "<group>"; };
		0D0A817E21B580F8001470EE /* CaffeineBeverage.m */ = {isa = PBXFileReference; lastKnownFileType = sourcecode.c.objc; path = CaffeineBeverage.m; sourceTree = "<group>"; };
		0D0A818021B5811D001470EE /* Coffee.h */ = {isa = PBXFileReference; lastKnownFileType = sourcecode.c.h; path = Coffee.h; sourceTree = "<group>"; };
		0D0A818121B5811D001470EE /* Coffee.m */ = {isa = PBXFileReference; lastKnownFileType = sourcecode.c.objc; path = Coffee.m; sourceTree = "<group>"; };
		0D0A818321B58136001470EE /* Tea.h */ = {isa = PBXFileReference; lastKnownFileType = sourcecode.c.h; path = Tea.h; sourceTree = "<group>"; };
		0D0A818421B58136001470EE /* Tea.m */ = {isa = PBXFileReference; lastKnownFileType = sourcecode.c.objc; path = Tea.m; sourceTree = "<group>"; };
		0D0A818B21B5815C001470EE /* TemplateMethod */ = {isa = PBXFileReference; explicitFileType = "compiled.mach-o.executable"; includeInIndex = 0; path = TemplateMethod; sourceTree = BUILT_PRODUCTS_DIR; };
		0D0A818D21B5815C001470EE /* main.m */ = {isa = PBXFileReference; lastKnownFileType = sourcecode.c.objc; path = main.m; sourceTree = "<group>"; };
		0D0C5B7121B3FD9D00BBBBE0 /* Adapter */ = {isa = PBXFileReference; explicitFileType = "compiled.mach-o.executable"; includeInIndex = 0; path = Adapter; sourceTree = BUILT_PRODUCTS_DIR; };
		0D0C5B7321B3FD9D00BBBBE0 /* main.m */ = {isa = PBXFileReference; lastKnownFileType = sourcecode.c.objc; path = main.m; sourceTree = "<group>"; };
		0D0C5B7821B3FE9800BBBBE0 /* Turkey.h */ = {isa = PBXFileReference; lastKnownFileType = sourcecode.c.h; path = Turkey.h; sourceTree = "<group>"; };
		0D0C5B7921B3FEAD00BBBBE0 /* MallardDuck.h */ = {isa = PBXFileReference; lastKnownFileType = sourcecode.c.h; path = MallardDuck.h; sourceTree = "<group>"; };
		0D0C5B7A21B3FEAD00BBBBE0 /* MallardDuck.m */ = {isa = PBXFileReference; lastKnownFileType = sourcecode.c.objc; path = MallardDuck.m; sourceTree = "<group>"; };
		0D0C5B7C21B3FF0C00BBBBE0 /* WildTurkey.h */ = {isa = PBXFileReference; lastKnownFileType = sourcecode.c.h; path = WildTurkey.h; sourceTree = "<group>"; };
		0D0C5B7D21B3FF0C00BBBBE0 /* WildTurkey.m */ = {isa = PBXFileReference; lastKnownFileType = sourcecode.c.objc; path = WildTurkey.m; sourceTree = "<group>"; };
		0D0C5B8021B3FFC400BBBBE0 /* TurkeyAdapter.h */ = {isa = PBXFileReference; lastKnownFileType = sourcecode.c.h; path = TurkeyAdapter.h; sourceTree = "<group>"; };
		0D0C5B8121B3FFC400BBBBE0 /* TurkeyAdapter.m */ = {isa = PBXFileReference; lastKnownFileType = sourcecode.c.objc; path = TurkeyAdapter.m; sourceTree = "<group>"; };
		0D122EE521B3FC5B006C7EF5 /* Duck.h */ = {isa = PBXFileReference; lastKnownFileType = sourcecode.c.h; path = Duck.h; sourceTree = "<group>"; };
		0D7A671A21B3C20B00274888 /* NoCommand.h */ = {isa = PBXFileReference; lastKnownFileType = sourcecode.c.h; path = NoCommand.h; sourceTree = "<group>"; };
		0D7A671B21B3C20B00274888 /* NoCommand.m */ = {isa = PBXFileReference; lastKnownFileType = sourcecode.c.objc; path = NoCommand.m; sourceTree = "<group>"; };
		0D8578E721AC20C30008ACBC /* NYSauce.h */ = {isa = PBXFileReference; lastKnownFileType = sourcecode.c.h; path = NYSauce.h; sourceTree = "<group>"; };
		0D8578E821AC20C30008ACBC /* NYSauce.m */ = {isa = PBXFileReference; lastKnownFileType = sourcecode.c.objc; path = NYSauce.m; sourceTree = "<group>"; };
		0D8578EA21AC20E00008ACBC /* NYDough.h */ = {isa = PBXFileReference; lastKnownFileType = sourcecode.c.h; path = NYDough.h; sourceTree = "<group>"; };
		0D8578EB21AC20E00008ACBC /* NYDough.m */ = {isa = PBXFileReference; lastKnownFileType = sourcecode.c.objc; path = NYDough.m; sourceTree = "<group>"; };
		0DB028F421B3BA8B00919B87 /* Command */ = {isa = PBXFileReference; explicitFileType = "compiled.mach-o.executable"; includeInIndex = 0; path = Command; sourceTree = BUILT_PRODUCTS_DIR; };
		0DB028F621B3BA8B00919B87 /* main.m */ = {isa = PBXFileReference; lastKnownFileType = sourcecode.c.objc; path = main.m; sourceTree = "<group>"; };
		0DB028FE21B3BAED00919B87 /* Command.h */ = {isa = PBXFileReference; lastKnownFileType = sourcecode.c.h; path = Command.h; sourceTree = "<group>"; };
		0DB028FF21B3BAED00919B87 /* Command.m */ = {isa = PBXFileReference; lastKnownFileType = sourcecode.c.objc; path = Command.m; sourceTree = "<group>"; };
		0DB0290121B3BB0300919B87 /* LightOnCommand.h */ = {isa = PBXFileReference; lastKnownFileType = sourcecode.c.h; path = LightOnCommand.h; sourceTree = "<group>"; };
		0DB0290221B3BB0300919B87 /* LightOnCommand.m */ = {isa = PBXFileReference; lastKnownFileType = sourcecode.c.objc; path = LightOnCommand.m; sourceTree = "<group>"; };
		0DB0290421B3BB1200919B87 /* LightOffCommand.h */ = {isa = PBXFileReference; lastKnownFileType = sourcecode.c.h; path = LightOffCommand.h; sourceTree = "<group>"; };
		0DB0290521B3BB1200919B87 /* LightOffCommand.m */ = {isa = PBXFileReference; lastKnownFileType = sourcecode.c.objc; path = LightOffCommand.m; sourceTree = "<group>"; };
		0DB0290721B3BB5A00919B87 /* Light.h */ = {isa = PBXFileReference; lastKnownFileType = sourcecode.c.h; path = Light.h; sourceTree = "<group>"; };
		0DB0290821B3BB5A00919B87 /* Light.m */ = {isa = PBXFileReference; lastKnownFileType = sourcecode.c.objc; path = Light.m; sourceTree = "<group>"; };
		0DB0290A21B3BB7700919B87 /* RemoteController.h */ = {isa = PBXFileReference; lastKnownFileType = sourcecode.c.h; path = RemoteController.h; sourceTree = "<group>"; };
		0DB0290B21B3BB7700919B87 /* RemoteController.m */ = {isa = PBXFileReference; lastKnownFileType = sourcecode.c.objc; path = RemoteController.m; sourceTree = "<group>"; };
		0DB77C8421AC1E9200A48DE8 /* Dough.h */ = {isa = PBXFileReference; lastKnownFileType = sourcecode.c.h; path = Dough.h; sourceTree = "<group>"; };
		0DB77C8521AC1E9200A48DE8 /* Dough.m */ = {isa = PBXFileReference; lastKnownFileType = sourcecode.c.objc; path = Dough.m; sourceTree = "<group>"; };
		0DB77C8721AC1E9D00A48DE8 /* Sauce.h */ = {isa = PBXFileReference; lastKnownFileType = sourcecode.c.h; path = Sauce.h; sourceTree = "<group>"; };
		0DB77C8821AC1E9D00A48DE8 /* Sauce.m */ = {isa = PBXFileReference; lastKnownFileType = sourcecode.c.objc; path = Sauce.m; sourceTree = "<group>"; };
		0DB77C8A21AC1EAB00A48DE8 /* Cheese.h */ = {isa = PBXFileReference; lastKnownFileType = sourcecode.c.h; path = Cheese.h; sourceTree = "<group>"; };
		0DB77C8B21AC1EAB00A48DE8 /* Cheese.m */ = {isa = PBXFileReference; lastKnownFileType = sourcecode.c.objc; path = Cheese.m; sourceTree = "<group>"; };
		0DB77C8D21AC1F0200A48DE8 /* CADough.h */ = {isa = PBXFileReference; lastKnownFileType = sourcecode.c.h; path = CADough.h; sourceTree = "<group>"; };
		0DB77C8E21AC1F0200A48DE8 /* CADough.m */ = {isa = PBXFileReference; lastKnownFileType = sourcecode.c.objc; path = CADough.m; sourceTree = "<group>"; };
		0DB77C9021AC1F0D00A48DE8 /* CASauce.h */ = {isa = PBXFileReference; lastKnownFileType = sourcecode.c.h; path = CASauce.h; sourceTree = "<group>"; };
		0DB77C9121AC1F0D00A48DE8 /* CASauce.m */ = {isa = PBXFileReference; lastKnownFileType = sourcecode.c.objc; path = CASauce.m; sourceTree = "<group>"; };
		0DB77C9321AC1F1900A48DE8 /* CACheese.h */ = {isa = PBXFileReference; lastKnownFileType = sourcecode.c.h; path = CACheese.h; sourceTree = "<group>"; };
		0DB77C9421AC1F1900A48DE8 /* CACheese.m */ = {isa = PBXFileReference; lastKnownFileType = sourcecode.c.objc; path = CACheese.m; sourceTree = "<group>"; };
		0DB77C9621AC1F2400A48DE8 /* NYCheese.h */ = {isa = PBXFileReference; lastKnownFileType = sourcecode.c.h; path = NYCheese.h; sourceTree = "<group>"; };
		0DB77C9721AC1F2400A48DE8 /* NYCheese.m */ = {isa = PBXFileReference; lastKnownFileType = sourcecode.c.objc; path = NYCheese.m; sourceTree = "<group>"; };
		0DB77C9F21AC1F6D00A48DE8 /* IngredientFactory.h */ = {isa = PBXFileReference; lastKnownFileType = sourcecode.c.h; path = IngredientFactory.h; sourceTree = "<group>"; };
		0DB77CA021AC1F6D00A48DE8 /* IngredientFactory.m */ = {isa = PBXFileReference; lastKnownFileType = sourcecode.c.objc; path = IngredientFactory.m; sourceTree = "<group>"; };
		0DB77CA221AC1F9600A48DE8 /* CAIngredientFactory.h */ = {isa = PBXFileReference; lastKnownFileType = sourcecode.c.h; path = CAIngredientFactory.h; sourceTree = "<group>"; };
		0DB77CA321AC1F9600A48DE8 /* CAIngredientFactory.m */ = {isa = PBXFileReference; lastKnownFileType = sourcecode.c.objc; path = CAIngredientFactory.m; sourceTree = "<group>"; };
		0DB77CA521AC1FA100A48DE8 /* NYIngredientFactory.h */ = {isa = PBXFileReference; lastKnownFileType = sourcecode.c.h; path = NYIngredientFactory.h; sourceTree = "<group>"; };
		0DB77CA621AC1FA100A48DE8 /* NYIngredientFactory.m */ = {isa = PBXFileReference; lastKnownFileType = sourcecode.c.objc; path = NYIngredientFactory.m; sourceTree = "<group>"; };
		0DC5C33521B3CEFF00330478 /* GarageDoorUpCommand.h */ = {isa = PBXFileReference; lastKnownFileType = sourcecode.c.h; path = GarageDoorUpCommand.h; sourceTree = "<group>"; };
		0DC5C33621B3CEFF00330478 /* GarageDoorUpCommand.m */ = {isa = PBXFileReference; lastKnownFileType = sourcecode.c.objc; path = GarageDoorUpCommand.m; sourceTree = "<group>"; };
		0DC5C33821B3CF0B00330478 /* GarageDoorDownCommand.h */ = {isa = PBXFileReference; lastKnownFileType = sourcecode.c.h; path = GarageDoorDownCommand.h; sourceTree = "<group>"; };
		0DC5C33921B3CF0B00330478 /* GarageDoorDownCommand.m */ = {isa = PBXFileReference; lastKnownFileType = sourcecode.c.objc; path = GarageDoorDownCommand.m; sourceTree = "<group>"; };
		0DC5C33B21B3CF2600330478 /* GarageDoor.h */ = {isa = PBXFileReference; lastKnownFileType = sourcecode.c.h; path = GarageDoor.h; sourceTree = "<group>"; };
		0DC5C33C21B3CF2600330478 /* GarageDoor.m */ = {isa = PBXFileReference; lastKnownFileType = sourcecode.c.objc; path = GarageDoor.m; sourceTree = "<group>"; };
		0DC5C33E21B3D0E600330478 /* Stereo.h */ = {isa = PBXFileReference; lastKnownFileType = sourcecode.c.h; path = Stereo.h; sourceTree = "<group>"; };
		0DC5C33F21B3D0E600330478 /* Stereo.m */ = {isa = PBXFileReference; lastKnownFileType = sourcecode.c.objc; path = Stereo.m; sourceTree = "<group>"; };
		0DC5C34121B3D0FD00330478 /* CeilingFan.h */ = {isa = PBXFileReference; lastKnownFileType = sourcecode.c.h; path = CeilingFan.h; sourceTree = "<group>"; };
		0DC5C34221B3D0FD00330478 /* CeilingFan.m */ = {isa = PBXFileReference; lastKnownFileType = sourcecode.c.objc; path = CeilingFan.m; sourceTree = "<group>"; };
		0DC5C34421B3D12400330478 /* StereoOnCommand.h */ = {isa = PBXFileReference; lastKnownFileType = sourcecode.c.h; path = StereoOnCommand.h; sourceTree = "<group>"; };
		0DC5C34521B3D12400330478 /* StereoOnCommand.m */ = {isa = PBXFileReference; lastKnownFileType = sourcecode.c.objc; path = StereoOnCommand.m; sourceTree = "<group>"; };
		0DC5C34721B3D13400330478 /* StereoOffCommand.h */ = {isa = PBXFileReference; lastKnownFileType = sourcecode.c.h; path = StereoOffCommand.h; sourceTree = "<group>"; };
		0DC5C34821B3D13400330478 /* StereoOffCommand.m */ = {isa = PBXFileReference; lastKnownFileType = sourcecode.c.objc; path = StereoOffCommand.m; sourceTree = "<group>"; };
		0DC5C34A21B3D14400330478 /* CeilingFanOnCommand.h */ = {isa = PBXFileReference; lastKnownFileType = sourcecode.c.h; path = CeilingFanOnCommand.h; sourceTree = "<group>"; };
		0DC5C34B21B3D14400330478 /* CeilingFanOnCommand.m */ = {isa = PBXFileReference; lastKnownFileType = sourcecode.c.objc; path = CeilingFanOnCommand.m; sourceTree = "<group>"; };
		0DC5C34D21B3D14F00330478 /* CeilingFanOffCommand.h */ = {isa = PBXFileReference; lastKnownFileType = sourcecode.c.h; path = CeilingFanOffCommand.h; sourceTree = "<group>"; };
		0DC5C34E21B3D14F00330478 /* CeilingFanOffCommand.m */ = {isa = PBXFileReference; lastKnownFileType = sourcecode.c.objc; path = CeilingFanOffCommand.m; sourceTree = "<group>"; };
		0DC5C35021B3E7F600330478 /* MacroCommand.h */ = {isa = PBXFileReference; lastKnownFileType = sourcecode.c.h; path = MacroCommand.h; sourceTree = "<group>"; };
		0DC5C35121B3E7F600330478 /* MacroCommand.m */ = {isa = PBXFileReference; lastKnownFileType = sourcecode.c.objc; path = MacroCommand.m; sourceTree = "<group>"; };
		0DCAFC9721AAEDB900968AB3 /* DesignPatterns */ = {isa = PBXFileReference; explicitFileType = "compiled.mach-o.executable"; includeInIndex = 0; path = DesignPatterns; sourceTree = BUILT_PRODUCTS_DIR; };
		0DCAFC9A21AAEDB900968AB3 /* main.m */ = {isa = PBXFileReference; lastKnownFileType = sourcecode.c.objc; path = main.m; sourceTree = "<group>"; };
		0DCAFCA521AAEE1600968AB3 /* Factory */ = {isa = PBXFileReference; explicitFileType = "compiled.mach-o.executable"; includeInIndex = 0; path = Factory; sourceTree = BUILT_PRODUCTS_DIR; };
		0DCAFCAE21AAEE3400968AB3 /* NYStyleVeggiePizza.h */ = {isa = PBXFileReference; fileEncoding = 4; lastKnownFileType = sourcecode.c.h; path = NYStyleVeggiePizza.h; sourceTree = "<group>"; };
		0DCAFCAF21AAEE3400968AB3 /* NYPizzaStore.m */ = {isa = PBXFileReference; fileEncoding = 4; lastKnownFileType = sourcecode.c.objc; path = NYPizzaStore.m; sourceTree = "<group>"; };
		0DCAFCB021AAEE3400968AB3 /* NYStyleCheesePizza.m */ = {isa = PBXFileReference; fileEncoding = 4; lastKnownFileType = sourcecode.c.objc; path = NYStyleCheesePizza.m; sourceTree = "<group>"; };
		0DCAFCB121AAEE3400968AB3 /* NYStyleVeggiePizza.m */ = {isa = PBXFileReference; fileEncoding = 4; lastKnownFileType = sourcecode.c.objc; path = NYStyleVeggiePizza.m; sourceTree = "<group>"; };
		0DCAFCB221AAEE3400968AB3 /* NYPizzaStore.h */ = {isa = PBXFileReference; fileEncoding = 4; lastKnownFileType = sourcecode.c.h; path = NYPizzaStore.h; sourceTree = "<group>"; };
		0DCAFCB321AAEE3400968AB3 /* NYStyleCheesePizza.h */ = {isa = PBXFileReference; fileEncoding = 4; lastKnownFileType = sourcecode.c.h; path = NYStyleCheesePizza.h; sourceTree = "<group>"; };
		0DCAFCB521AAEE3400968AB3 /* CAStyleClamPizza.h */ = {isa = PBXFileReference; fileEncoding = 4; lastKnownFileType = sourcecode.c.h; path = CAStyleClamPizza.h; sourceTree = "<group>"; };
		0DCAFCB621AAEE3400968AB3 /* CAStylePepperoniPizza.m */ = {isa = PBXFileReference; fileEncoding = 4; lastKnownFileType = sourcecode.c.objc; path = CAStylePepperoniPizza.m; sourceTree = "<group>"; };
		0DCAFCB721AAEE3400968AB3 /* CAPizzaStore.h */ = {isa = PBXFileReference; fileEncoding = 4; lastKnownFileType = sourcecode.c.h; path = CAPizzaStore.h; sourceTree = "<group>"; };
		0DCAFCB821AAEE3400968AB3 /* CAStyleClamPizza.m */ = {isa = PBXFileReference; fileEncoding = 4; lastKnownFileType = sourcecode.c.objc; path = CAStyleClamPizza.m; sourceTree = "<group>"; };
		0DCAFCB921AAEE3400968AB3 /* CAPizzaStore.m */ = {isa = PBXFileReference; fileEncoding = 4; lastKnownFileType = sourcecode.c.objc; path = CAPizzaStore.m; sourceTree = "<group>"; };
		0DCAFCBA21AAEE3400968AB3 /* CAStylePepperoniPizza.h */ = {isa = PBXFileReference; fileEncoding = 4; lastKnownFileType = sourcecode.c.h; path = CAStylePepperoniPizza.h; sourceTree = "<group>"; };
		0DCAFCBD21AAEE3500968AB3 /* PizzaStore.h */ = {isa = PBXFileReference; fileEncoding = 4; lastKnownFileType = sourcecode.c.h; path = PizzaStore.h; sourceTree = "<group>"; };
		0DCAFCBE21AAEE3500968AB3 /* Pizza.m */ = {isa = PBXFileReference; fileEncoding = 4; lastKnownFileType = sourcecode.c.objc; path = Pizza.m; sourceTree = "<group>"; };
		0DCAFCBF21AAEE3500968AB3 /* PizzaStore.m */ = {isa = PBXFileReference; fileEncoding = 4; lastKnownFileType = sourcecode.c.objc; path = PizzaStore.m; sourceTree = "<group>"; };
		0DCAFCC021AAEE3500968AB3 /* Pizza.h */ = {isa = PBXFileReference; fileEncoding = 4; lastKnownFileType = sourcecode.c.h; path = Pizza.h; sourceTree = "<group>"; };
		0DCAFCCA21AAEE4100968AB3 /* main.m */ = {isa = PBXFileReference; fileEncoding = 4; lastKnownFileType = sourcecode.c.objc; path = main.m; sourceTree = "<group>"; };
/* End PBXFileReference section */

/* Begin PBXFrameworksBuildPhase section */
		0D0A818821B5815C001470EE /* Frameworks */ = {
			isa = PBXFrameworksBuildPhase;
			buildActionMask = 2147483647;
			files = (
			);
			runOnlyForDeploymentPostprocessing = 0;
		};
		0D0C5B6E21B3FD9D00BBBBE0 /* Frameworks */ = {
			isa = PBXFrameworksBuildPhase;
			buildActionMask = 2147483647;
			files = (
			);
			runOnlyForDeploymentPostprocessing = 0;
		};
		0DB028F121B3BA8B00919B87 /* Frameworks */ = {
			isa = PBXFrameworksBuildPhase;
			buildActionMask = 2147483647;
			files = (
			);
			runOnlyForDeploymentPostprocessing = 0;
		};
		0DCAFC9421AAEDB900968AB3 /* Frameworks */ = {
			isa = PBXFrameworksBuildPhase;
			buildActionMask = 2147483647;
			files = (
			);
			runOnlyForDeploymentPostprocessing = 0;
		};
		0DCAFCA221AAEE1600968AB3 /* Frameworks */ = {
			isa = PBXFrameworksBuildPhase;
			buildActionMask = 2147483647;
			files = (
			);
			runOnlyForDeploymentPostprocessing = 0;
		};
/* End PBXFrameworksBuildPhase section */

/* Begin PBXGroup section */
		0D0A818C21B5815C001470EE /* TemplateMethod */ = {
			isa = PBXGroup;
			children = (
				0D0A817D21B580F8001470EE /* CaffeineBeverage.h */,
				0D0A817E21B580F8001470EE /* CaffeineBeverage.m */,
				0D0A818021B5811D001470EE /* Coffee.h */,
				0D0A818121B5811D001470EE /* Coffee.m */,
				0D0A818321B58136001470EE /* Tea.h */,
				0D0A818421B58136001470EE /* Tea.m */,
				0D0A818D21B5815C001470EE /* main.m */,
			);
			path = TemplateMethod;
			sourceTree = "<group>";
		};
		0D0C5B7221B3FD9D00BBBBE0 /* Adapter */ = {
			isa = PBXGroup;
			children = (
				0D0C5B7321B3FD9D00BBBBE0 /* main.m */,
				0D0C5B8321B4011B00BBBBE0 /* Protocol */,
				0D0C5B8421B4012600BBBBE0 /* ConcreteClass */,
				0D0C5B7F21B3FF7900BBBBE0 /* Adapter */,
			);
			path = Adapter;
			sourceTree = "<group>";
		};
		0D0C5B7F21B3FF7900BBBBE0 /* Adapter */ = {
			isa = PBXGroup;
			children = (
				0D0C5B8021B3FFC400BBBBE0 /* TurkeyAdapter.h */,
				0D0C5B8121B3FFC400BBBBE0 /* TurkeyAdapter.m */,
			);
			path = Adapter;
			sourceTree = "<group>";
		};
		0D0C5B8321B4011B00BBBBE0 /* Protocol */ = {
			isa = PBXGroup;
			children = (
				0D122EE521B3FC5B006C7EF5 /* Duck.h */,
				0D0C5B7821B3FE9800BBBBE0 /* Turkey.h */,
			);
			path = Protocol;
			sourceTree = "<group>";
		};
		0D0C5B8421B4012600BBBBE0 /* ConcreteClass */ = {
			isa = PBXGroup;
			children = (
				0D0C5B7921B3FEAD00BBBBE0 /* MallardDuck.h */,
				0D0C5B7A21B3FEAD00BBBBE0 /* MallardDuck.m */,
				0D0C5B7C21B3FF0C00BBBBE0 /* WildTurkey.h */,
				0D0C5B7D21B3FF0C00BBBBE0 /* WildTurkey.m */,
			);
			path = ConcreteClass;
			sourceTree = "<group>";
		};
		0DB028F521B3BA8B00919B87 /* Command */ = {
			isa = PBXGroup;
			children = (
				0DB028F621B3BA8B00919B87 /* main.m */,
				0DB028FD21B3BAD700919B87 /* Receiver */,
				0DB028FC21B3BAD100919B87 /* Invoker */,
				0DB028FB21B3BACA00919B87 /* Command */,
			);
			path = Command;
			sourceTree = "<group>";
		};
		0DB028FB21B3BACA00919B87 /* Command */ = {
			isa = PBXGroup;
			children = (
				0DB028FE21B3BAED00919B87 /* Command.h */,
				0DB028FF21B3BAED00919B87 /* Command.m */,
				0DC5C35021B3E7F600330478 /* MacroCommand.h */,
				0DC5C35121B3E7F600330478 /* MacroCommand.m */,
				0D7A671A21B3C20B00274888 /* NoCommand.h */,
				0D7A671B21B3C20B00274888 /* NoCommand.m */,
				0DB0290121B3BB0300919B87 /* LightOnCommand.h */,
				0DB0290221B3BB0300919B87 /* LightOnCommand.m */,
				0DB0290421B3BB1200919B87 /* LightOffCommand.h */,
				0DB0290521B3BB1200919B87 /* LightOffCommand.m */,
				0DC5C33521B3CEFF00330478 /* GarageDoorUpCommand.h */,
				0DC5C33621B3CEFF00330478 /* GarageDoorUpCommand.m */,
				0DC5C33821B3CF0B00330478 /* GarageDoorDownCommand.h */,
				0DC5C33921B3CF0B00330478 /* GarageDoorDownCommand.m */,
				0DC5C34421B3D12400330478 /* StereoOnCommand.h */,
				0DC5C34521B3D12400330478 /* StereoOnCommand.m */,
				0DC5C34721B3D13400330478 /* StereoOffCommand.h */,
				0DC5C34821B3D13400330478 /* StereoOffCommand.m */,
				0DC5C34A21B3D14400330478 /* CeilingFanOnCommand.h */,
				0DC5C34B21B3D14400330478 /* CeilingFanOnCommand.m */,
				0DC5C34D21B3D14F00330478 /* CeilingFanOffCommand.h */,
				0DC5C34E21B3D14F00330478 /* CeilingFanOffCommand.m */,
			);
			path = Command;
			sourceTree = "<group>";
		};
		0DB028FC21B3BAD100919B87 /* Invoker */ = {
			isa = PBXGroup;
			children = (
				0DB0290A21B3BB7700919B87 /* RemoteController.h */,
				0DB0290B21B3BB7700919B87 /* RemoteController.m */,
			);
			path = Invoker;
			sourceTree = "<group>";
		};
		0DB028FD21B3BAD700919B87 /* Receiver */ = {
			isa = PBXGroup;
			children = (
				0DB0290721B3BB5A00919B87 /* Light.h */,
				0DB0290821B3BB5A00919B87 /* Light.m */,
				0DC5C33B21B3CF2600330478 /* GarageDoor.h */,
				0DC5C33C21B3CF2600330478 /* GarageDoor.m */,
				0DC5C33E21B3D0E600330478 /* Stereo.h */,
				0DC5C33F21B3D0E600330478 /* Stereo.m */,
				0DC5C34121B3D0FD00330478 /* CeilingFan.h */,
				0DC5C34221B3D0FD00330478 /* CeilingFan.m */,
			);
			path = Receiver;
			sourceTree = "<group>";
		};
		0DB77C7821AC1D7100A48DE8 /* Pizza */ = {
			isa = PBXGroup;
			children = (
				0DCAFCC021AAEE3500968AB3 /* Pizza.h */,
				0DCAFCBE21AAEE3500968AB3 /* Pizza.m */,
				0DB77C7C21AC1DB000A48DE8 /* CA */,
				0DB77C7B21AC1DAA00A48DE8 /* NewYork */,
			);
			path = Pizza;
			sourceTree = "<group>";
		};
		0DB77C7921AC1D7800A48DE8 /* PizzaStore */ = {
			isa = PBXGroup;
			children = (
				0DCAFCBD21AAEE3500968AB3 /* PizzaStore.h */,
				0DCAFCBF21AAEE3500968AB3 /* PizzaStore.m */,
				0DB77C7E21AC1DC400A48DE8 /* CA */,
				0DB77C7D21AC1DBE00A48DE8 /* NewYork */,
			);
			path = PizzaStore;
			sourceTree = "<group>";
		};
		0DB77C7A21AC1D7F00A48DE8 /* PizzaIngredient */ = {
			isa = PBXGroup;
			children = (
				0DB77CA821AC1FB900A48DE8 /* Abstract */,
				0DB77C8021AC1E0800A48DE8 /* CA */,
				0DB77C7F21AC1E0200A48DE8 /* NewYork */,
			);
			path = PizzaIngredient;
			sourceTree = "<group>";
		};
		0DB77C7B21AC1DAA00A48DE8 /* NewYork */ = {
			isa = PBXGroup;
			children = (
				0DCAFCAE21AAEE3400968AB3 /* NYStyleVeggiePizza.h */,
				0DCAFCB121AAEE3400968AB3 /* NYStyleVeggiePizza.m */,
				0DCAFCB321AAEE3400968AB3 /* NYStyleCheesePizza.h */,
				0DCAFCB021AAEE3400968AB3 /* NYStyleCheesePizza.m */,
			);
			path = NewYork;
			sourceTree = "<group>";
		};
		0DB77C7C21AC1DB000A48DE8 /* CA */ = {
			isa = PBXGroup;
			children = (
				0DCAFCB521AAEE3400968AB3 /* CAStyleClamPizza.h */,
				0DCAFCB821AAEE3400968AB3 /* CAStyleClamPizza.m */,
				0DCAFCBA21AAEE3400968AB3 /* CAStylePepperoniPizza.h */,
				0DCAFCB621AAEE3400968AB3 /* CAStylePepperoniPizza.m */,
			);
			path = CA;
			sourceTree = "<group>";
		};
		0DB77C7D21AC1DBE00A48DE8 /* NewYork */ = {
			isa = PBXGroup;
			children = (
				0DCAFCB221AAEE3400968AB3 /* NYPizzaStore.h */,
				0DCAFCAF21AAEE3400968AB3 /* NYPizzaStore.m */,
			);
			path = NewYork;
			sourceTree = "<group>";
		};
		0DB77C7E21AC1DC400A48DE8 /* CA */ = {
			isa = PBXGroup;
			children = (
				0DCAFCB721AAEE3400968AB3 /* CAPizzaStore.h */,
				0DCAFCB921AAEE3400968AB3 /* CAPizzaStore.m */,
			);
			path = CA;
			sourceTree = "<group>";
		};
		0DB77C7F21AC1E0200A48DE8 /* NewYork */ = {
			isa = PBXGroup;
			children = (
				0DB77C9621AC1F2400A48DE8 /* NYCheese.h */,
				0DB77C9721AC1F2400A48DE8 /* NYCheese.m */,
				0D8578E721AC20C30008ACBC /* NYSauce.h */,
				0D8578E821AC20C30008ACBC /* NYSauce.m */,
				0D8578EA21AC20E00008ACBC /* NYDough.h */,
				0D8578EB21AC20E00008ACBC /* NYDough.m */,
				0DB77CA521AC1FA100A48DE8 /* NYIngredientFactory.h */,
				0DB77CA621AC1FA100A48DE8 /* NYIngredientFactory.m */,
			);
			path = NewYork;
			sourceTree = "<group>";
		};
		0DB77C8021AC1E0800A48DE8 /* CA */ = {
			isa = PBXGroup;
			children = (
				0DB77C8D21AC1F0200A48DE8 /* CADough.h */,
				0DB77C8E21AC1F0200A48DE8 /* CADough.m */,
				0DB77C9021AC1F0D00A48DE8 /* CASauce.h */,
				0DB77C9121AC1F0D00A48DE8 /* CASauce.m */,
				0DB77C9321AC1F1900A48DE8 /* CACheese.h */,
				0DB77C9421AC1F1900A48DE8 /* CACheese.m */,
				0DB77CA221AC1F9600A48DE8 /* CAIngredientFactory.h */,
				0DB77CA321AC1F9600A48DE8 /* CAIngredientFactory.m */,
			);
			path = CA;
			sourceTree = "<group>";
		};
		0DB77CA821AC1FB900A48DE8 /* Abstract */ = {
			isa = PBXGroup;
			children = (
				0DB77C8421AC1E9200A48DE8 /* Dough.h */,
				0DB77C8521AC1E9200A48DE8 /* Dough.m */,
				0DB77C8721AC1E9D00A48DE8 /* Sauce.h */,
				0DB77C8821AC1E9D00A48DE8 /* Sauce.m */,
				0DB77C8A21AC1EAB00A48DE8 /* Cheese.h */,
				0DB77C8B21AC1EAB00A48DE8 /* Cheese.m */,
				0DB77C9F21AC1F6D00A48DE8 /* IngredientFactory.h */,
				0DB77CA021AC1F6D00A48DE8 /* IngredientFactory.m */,
			);
			path = Abstract;
			sourceTree = "<group>";
		};
		0DCAFC8E21AAEDB900968AB3 = {
			isa = PBXGroup;
			children = (
				0DCAFC9921AAEDB900968AB3 /* DesignPatterns */,
				0DCAFCA621AAEE1600968AB3 /* Factory */,
				0DB028F521B3BA8B00919B87 /* Command */,
				0D0C5B7221B3FD9D00BBBBE0 /* Adapter */,
				0D0A818C21B5815C001470EE /* TemplateMethod */,
				0DCAFC9821AAEDB900968AB3 /* Products */,
			);
			sourceTree = "<group>";
		};
		0DCAFC9821AAEDB900968AB3 /* Products */ = {
			isa = PBXGroup;
			children = (
				0DCAFC9721AAEDB900968AB3 /* DesignPatterns */,
				0DCAFCA521AAEE1600968AB3 /* Factory */,
				0DB028F421B3BA8B00919B87 /* Command */,
				0D0C5B7121B3FD9D00BBBBE0 /* Adapter */,
				0D0A818B21B5815C001470EE /* TemplateMethod */,
			);
			name = Products;
			sourceTree = "<group>";
		};
		0DCAFC9921AAEDB900968AB3 /* DesignPatterns */ = {
			isa = PBXGroup;
			children = (
				0DCAFC9A21AAEDB900968AB3 /* main.m */,
			);
			path = DesignPatterns;
			sourceTree = "<group>";
		};
		0DCAFCA621AAEE1600968AB3 /* Factory */ = {
			isa = PBXGroup;
			children = (
				0DCAFCCA21AAEE4100968AB3 /* main.m */,
				0DB77C7A21AC1D7F00A48DE8 /* PizzaIngredient */,
				0DB77C7921AC1D7800A48DE8 /* PizzaStore */,
				0DB77C7821AC1D7100A48DE8 /* Pizza */,
			);
			path = Factory;
			sourceTree = "<group>";
		};
/* End PBXGroup section */

/* Begin PBXNativeTarget section */
		0D0A818A21B5815C001470EE /* TemplateMethod */ = {
			isa = PBXNativeTarget;
			buildConfigurationList = 0D0A818F21B5815C001470EE /* Build configuration list for PBXNativeTarget "TemplateMethod" */;
			buildPhases = (
				0D0A818721B5815C001470EE /* Sources */,
				0D0A818821B5815C001470EE /* Frameworks */,
				0D0A818921B5815C001470EE /* CopyFiles */,
			);
			buildRules = (
			);
			dependencies = (
			);
			name = TemplateMethod;
			productName = TemplateMethod;
			productReference = 0D0A818B21B5815C001470EE /* TemplateMethod */;
			productType = "com.apple.product-type.tool";
		};
		0D0C5B7021B3FD9D00BBBBE0 /* Adapter */ = {
			isa = PBXNativeTarget;
			buildConfigurationList = 0D0C5B7721B3FD9D00BBBBE0 /* Build configuration list for PBXNativeTarget "Adapter" */;
			buildPhases = (
				0D0C5B6D21B3FD9D00BBBBE0 /* Sources */,
				0D0C5B6E21B3FD9D00BBBBE0 /* Frameworks */,
				0D0C5B6F21B3FD9D00BBBBE0 /* CopyFiles */,
			);
			buildRules = (
			);
			dependencies = (
			);
			name = Adapter;
			productName = Adapter;
			productReference = 0D0C5B7121B3FD9D00BBBBE0 /* Adapter */;
			productType = "com.apple.product-type.tool";
		};
		0DB028F321B3BA8B00919B87 /* Command */ = {
			isa = PBXNativeTarget;
			buildConfigurationList = 0DB028FA21B3BA8B00919B87 /* Build configuration list for PBXNativeTarget "Command" */;
			buildPhases = (
				0DB028F021B3BA8B00919B87 /* Sources */,
				0DB028F121B3BA8B00919B87 /* Frameworks */,
				0DB028F221B3BA8B00919B87 /* CopyFiles */,
			);
			buildRules = (
			);
			dependencies = (
			);
			name = Command;
			productName = Command;
			productReference = 0DB028F421B3BA8B00919B87 /* Command */;
			productType = "com.apple.product-type.tool";
		};
		0DCAFC9621AAEDB900968AB3 /* DesignPatterns */ = {
			isa = PBXNativeTarget;
			buildConfigurationList = 0DCAFC9E21AAEDB900968AB3 /* Build configuration list for PBXNativeTarget "DesignPatterns" */;
			buildPhases = (
				0DCAFC9321AAEDB900968AB3 /* Sources */,
				0DCAFC9421AAEDB900968AB3 /* Frameworks */,
				0DCAFC9521AAEDB900968AB3 /* CopyFiles */,
			);
			buildRules = (
			);
			dependencies = (
			);
			name = DesignPatterns;
			productName = DesignPatterns;
			productReference = 0DCAFC9721AAEDB900968AB3 /* DesignPatterns */;
			productType = "com.apple.product-type.tool";
		};
		0DCAFCA421AAEE1600968AB3 /* Factory */ = {
			isa = PBXNativeTarget;
			buildConfigurationList = 0DCAFCA921AAEE1600968AB3 /* Build configuration list for PBXNativeTarget "Factory" */;
			buildPhases = (
				0DCAFCA121AAEE1600968AB3 /* Sources */,
				0DCAFCA221AAEE1600968AB3 /* Frameworks */,
				0DCAFCA321AAEE1600968AB3 /* CopyFiles */,
			);
			buildRules = (
			);
			dependencies = (
			);
			name = Factory;
			productName = Factory;
			productReference = 0DCAFCA521AAEE1600968AB3 /* Factory */;
			productType = "com.apple.product-type.tool";
		};
/* End PBXNativeTarget section */

/* Begin PBXProject section */
		0DCAFC8F21AAEDB900968AB3 /* Project object */ = {
			isa = PBXProject;
			attributes = {
				LastUpgradeCheck = 1010;
				ORGANIZATIONNAME = "Vic Wan";
				TargetAttributes = {
					0D0A818A21B5815C001470EE = {
						CreatedOnToolsVersion = 10.1;
					};
					0D0C5B7021B3FD9D00BBBBE0 = {
						CreatedOnToolsVersion = 10.1;
					};
					0DB028F321B3BA8B00919B87 = {
						CreatedOnToolsVersion = 10.1;
					};
					0DCAFC9621AAEDB900968AB3 = {
						CreatedOnToolsVersion = 10.1;
					};
					0DCAFCA421AAEE1600968AB3 = {
						CreatedOnToolsVersion = 10.1;
					};
				};
			};
			buildConfigurationList = 0DCAFC9221AAEDB900968AB3 /* Build configuration list for PBXProject "DesignPatterns" */;
			compatibilityVersion = "Xcode 9.3";
			developmentRegion = en;
			hasScannedForEncodings = 0;
			knownRegions = (
				en,
			);
			mainGroup = 0DCAFC8E21AAEDB900968AB3;
			productRefGroup = 0DCAFC9821AAEDB900968AB3 /* Products */;
			projectDirPath = "";
			projectRoot = "";
			targets = (
				0DCAFC9621AAEDB900968AB3 /* DesignPatterns */,
				0DCAFCA421AAEE1600968AB3 /* Factory */,
				0DB028F321B3BA8B00919B87 /* Command */,
				0D0C5B7021B3FD9D00BBBBE0 /* Adapter */,
				0D0A818A21B5815C001470EE /* TemplateMethod */,
			);
		};
/* End PBXProject section */

/* Begin PBXSourcesBuildPhase section */
		0D0A818721B5815C001470EE /* Sources */ = {
			isa = PBXSourcesBuildPhase;
			buildActionMask = 2147483647;
			files = (
				0D0A818E21B5815C001470EE /* main.m in Sources */,
				0D0A819221B58163001470EE /* CaffeineBeverage.m in Sources */,
				0D0A819421B58163001470EE /* Tea.m in Sources */,
				0D0A819321B58163001470EE /* Coffee.m in Sources */,
			);
			runOnlyForDeploymentPostprocessing = 0;
		};
		0D0C5B6D21B3FD9D00BBBBE0 /* Sources */ = {
			isa = PBXSourcesBuildPhase;
			buildActionMask = 2147483647;
			files = (
				0D0C5B7B21B3FEAD00BBBBE0 /* MallardDuck.m in Sources */,
				0D0C5B7421B3FD9D00BBBBE0 /* main.m in Sources */,
				0D0C5B7E21B3FF0C00BBBBE0 /* WildTurkey.m in Sources */,
				0D0C5B8221B3FFC400BBBBE0 /* TurkeyAdapter.m in Sources */,
			);
			runOnlyForDeploymentPostprocessing = 0;
		};
		0DB028F021B3BA8B00919B87 /* Sources */ = {
			isa = PBXSourcesBuildPhase;
			buildActionMask = 2147483647;
			files = (
				0DB0290321B3BB0300919B87 /* LightOnCommand.m in Sources */,
				0DC5C34921B3D13400330478 /* StereoOffCommand.m in Sources */,
				0DC5C33A21B3CF0B00330478 /* GarageDoorDownCommand.m in Sources */,
				0DB0290921B3BB5A00919B87 /* Light.m in Sources */,
				0D7A671C21B3C20B00274888 /* NoCommand.m in Sources */,
				0DB028F721B3BA8B00919B87 /* main.m in Sources */,
				0DC5C35221B3E7F600330478 /* MacroCommand.m in Sources */,
				0DC5C34021B3D0E600330478 /* Stereo.m in Sources */,
				0DB0290621B3BB1200919B87 /* LightOffCommand.m in Sources */,
				0DB0290021B3BAED00919B87 /* Command.m in Sources */,
				0DC5C34C21B3D14400330478 /* CeilingFanOnCommand.m in Sources */,
				0DC5C34621B3D12400330478 /* StereoOnCommand.m in Sources */,
				0DC5C34F21B3D14F00330478 /* CeilingFanOffCommand.m in Sources */,
				0DB0290C21B3BB7700919B87 /* RemoteController.m in Sources */,
				0DC5C33D21B3CF2600330478 /* GarageDoor.m in Sources */,
				0DC5C33721B3CEFF00330478 /* GarageDoorUpCommand.m in Sources */,
				0DC5C34321B3D0FD00330478 /* CeilingFan.m in Sources */,
			);
			runOnlyForDeploymentPostprocessing = 0;
		};
		0DCAFC9321AAEDB900968AB3 /* Sources */ = {
			isa = PBXSourcesBuildPhase;
			buildActionMask = 2147483647;
			files = (
				0DCAFC9B21AAEDB900968AB3 /* main.m in Sources */,
			);
			runOnlyForDeploymentPostprocessing = 0;
		};
		0DCAFCA121AAEE1600968AB3 /* Sources */ = {
			isa = PBXSourcesBuildPhase;
			buildActionMask = 2147483647;
			files = (
				0DB77CA721AC1FA100A48DE8 /* NYIngredientFactory.m in Sources */,
				0DCAFCC821AAEE3500968AB3 /* Pizza.m in Sources */,
				0DB77C9221AC1F0D00A48DE8 /* CASauce.m in Sources */,
				0DCAFCC321AAEE3500968AB3 /* NYStyleVeggiePizza.m in Sources */,
				0DCAFCC521AAEE3500968AB3 /* CAStyleClamPizza.m in Sources */,
				0DB77C8621AC1E9200A48DE8 /* Dough.m in Sources */,
				0DB77C8C21AC1EAB00A48DE8 /* Cheese.m in Sources */,
				0DCAFCC621AAEE3500968AB3 /* CAPizzaStore.m in Sources */,
				0D8578E921AC20C30008ACBC /* NYSauce.m in Sources */,
				0DB77CA121AC1F6D00A48DE8 /* IngredientFactory.m in Sources */,
				0DCAFCC221AAEE3500968AB3 /* NYStyleCheesePizza.m in Sources */,
				0DCAFCC921AAEE3500968AB3 /* PizzaStore.m in Sources */,
				0DB77C9821AC1F2400A48DE8 /* NYCheese.m in Sources */,
				0DCAFCC121AAEE3500968AB3 /* NYPizzaStore.m in Sources */,
				0DB77C8F21AC1F0200A48DE8 /* CADough.m in Sources */,
				0DCAFCCB21AAEE4100968AB3 /* main.m in Sources */,
				0DB77C8921AC1E9D00A48DE8 /* Sauce.m in Sources */,
				0DB77CA421AC1F9600A48DE8 /* CAIngredientFactory.m in Sources */,
				0DB77C9521AC1F1900A48DE8 /* CACheese.m in Sources */,
				0DCAFCC421AAEE3500968AB3 /* CAStylePepperoniPizza.m in Sources */,
				0D8578EC21AC20E00008ACBC /* NYDough.m in Sources */,
			);
			runOnlyForDeploymentPostprocessing = 0;
		};
/* End PBXSourcesBuildPhase section */

/* Begin XCBuildConfiguration section */
		0D0A819021B5815C001470EE /* Debug */ = {
			isa = XCBuildConfiguration;
			buildSettings = {
				CODE_SIGN_STYLE = Automatic;
				DEVELOPMENT_TEAM = 389BMU82Q2;
				PRODUCT_NAME = "$(TARGET_NAME)";
			};
			name = Debug;
		};
		0D0A819121B5815C001470EE /* Release */ = {
			isa = XCBuildConfiguration;
			buildSettings = {
				CODE_SIGN_STYLE = Automatic;
				DEVELOPMENT_TEAM = 389BMU82Q2;
				PRODUCT_NAME = "$(TARGET_NAME)";
			};
			name = Release;
		};
		0D0C5B7521B3FD9D00BBBBE0 /* Debug */ = {
			isa = XCBuildConfiguration;
			buildSettings = {
				CODE_SIGN_STYLE = Automatic;
				DEVELOPMENT_TEAM = 389BMU82Q2;
				PRODUCT_NAME = "$(TARGET_NAME)";
			};
			name = Debug;
		};
		0D0C5B7621B3FD9D00BBBBE0 /* Release */ = {
			isa = XCBuildConfiguration;
			buildSettings = {
				CODE_SIGN_STYLE = Automatic;
				DEVELOPMENT_TEAM = 389BMU82Q2;
				PRODUCT_NAME = "$(TARGET_NAME)";
			};
			name = Release;
		};
		0DB028F821B3BA8B00919B87 /* Debug */ = {
			isa = XCBuildConfiguration;
			buildSettings = {
				CODE_SIGN_STYLE = Automatic;
				DEVELOPMENT_TEAM = 389BMU82Q2;
				PRODUCT_NAME = "$(TARGET_NAME)";
			};
			name = Debug;
		};
		0DB028F921B3BA8B00919B87 /* Release */ = {
			isa = XCBuildConfiguration;
			buildSettings = {
				CODE_SIGN_STYLE = Automatic;
				DEVELOPMENT_TEAM = 389BMU82Q2;
				PRODUCT_NAME = "$(TARGET_NAME)";
			};
			name = Release;
		};
		0DCAFC9C21AAEDB900968AB3 /* Debug */ = {
			isa = XCBuildConfiguration;
			buildSettings = {
				ALWAYS_SEARCH_USER_PATHS = NO;
				CLANG_ANALYZER_NONNULL = YES;
				CLANG_ANALYZER_NUMBER_OBJECT_CONVERSION = YES_AGGRESSIVE;
				CLANG_CXX_LANGUAGE_STANDARD = "gnu++14";
				CLANG_CXX_LIBRARY = "libc++";
				CLANG_ENABLE_MODULES = YES;
				CLANG_ENABLE_OBJC_ARC = YES;
				CLANG_ENABLE_OBJC_WEAK = YES;
				CLANG_WARN_BLOCK_CAPTURE_AUTORELEASING = YES;
				CLANG_WARN_BOOL_CONVERSION = YES;
				CLANG_WARN_COMMA = YES;
				CLANG_WARN_CONSTANT_CONVERSION = YES;
				CLANG_WARN_DEPRECATED_OBJC_IMPLEMENTATIONS = YES;
				CLANG_WARN_DIRECT_OBJC_ISA_USAGE = YES_ERROR;
				CLANG_WARN_DOCUMENTATION_COMMENTS = YES;
				CLANG_WARN_EMPTY_BODY = YES;
				CLANG_WARN_ENUM_CONVERSION = YES;
				CLANG_WARN_INFINITE_RECURSION = YES;
				CLANG_WARN_INT_CONVERSION = YES;
				CLANG_WARN_NON_LITERAL_NULL_CONVERSION = YES;
				CLANG_WARN_OBJC_IMPLICIT_RETAIN_SELF = YES;
				CLANG_WARN_OBJC_LITERAL_CONVERSION = YES;
				CLANG_WARN_OBJC_ROOT_CLASS = YES_ERROR;
				CLANG_WARN_RANGE_LOOP_ANALYSIS = YES;
				CLANG_WARN_STRICT_PROTOTYPES = YES;
				CLANG_WARN_SUSPICIOUS_MOVE = YES;
				CLANG_WARN_UNGUARDED_AVAILABILITY = YES_AGGRESSIVE;
				CLANG_WARN_UNREACHABLE_CODE = YES;
				CLANG_WARN__DUPLICATE_METHOD_MATCH = YES;
				CODE_SIGN_IDENTITY = "Mac Developer";
				COPY_PHASE_STRIP = NO;
				DEBUG_INFORMATION_FORMAT = dwarf;
				ENABLE_STRICT_OBJC_MSGSEND = YES;
				ENABLE_TESTABILITY = YES;
				GCC_C_LANGUAGE_STANDARD = gnu11;
				GCC_DYNAMIC_NO_PIC = NO;
				GCC_NO_COMMON_BLOCKS = YES;
				GCC_OPTIMIZATION_LEVEL = 0;
				GCC_PREPROCESSOR_DEFINITIONS = (
					"DEBUG=1",
					"$(inherited)",
				);
				GCC_WARN_64_TO_32_BIT_CONVERSION = YES;
				GCC_WARN_ABOUT_RETURN_TYPE = YES_ERROR;
				GCC_WARN_UNDECLARED_SELECTOR = YES;
				GCC_WARN_UNINITIALIZED_AUTOS = YES_AGGRESSIVE;
				GCC_WARN_UNUSED_FUNCTION = YES;
				GCC_WARN_UNUSED_VARIABLE = YES;
				MACOSX_DEPLOYMENT_TARGET = 10.14;
				MTL_ENABLE_DEBUG_INFO = INCLUDE_SOURCE;
				MTL_FAST_MATH = YES;
				ONLY_ACTIVE_ARCH = YES;
				SDKROOT = macosx;
			};
			name = Debug;
		};
		0DCAFC9D21AAEDB900968AB3 /* Release */ = {
			isa = XCBuildConfiguration;
			buildSettings = {
				ALWAYS_SEARCH_USER_PATHS = NO;
				CLANG_ANALYZER_NONNULL = YES;
				CLANG_ANALYZER_NUMBER_OBJECT_CONVERSION = YES_AGGRESSIVE;
				CLANG_CXX_LANGUAGE_STANDARD = "gnu++14";
				CLANG_CXX_LIBRARY = "libc++";
				CLANG_ENABLE_MODULES = YES;
				CLANG_ENABLE_OBJC_ARC = YES;
				CLANG_ENABLE_OBJC_WEAK = YES;
				CLANG_WARN_BLOCK_CAPTURE_AUTORELEASING = YES;
				CLANG_WARN_BOOL_CONVERSION = YES;
				CLANG_WARN_COMMA = YES;
				CLANG_WARN_CONSTANT_CONVERSION = YES;
				CLANG_WARN_DEPRECATED_OBJC_IMPLEMENTATIONS = YES;
				CLANG_WARN_DIRECT_OBJC_ISA_USAGE = YES_ERROR;
				CLANG_WARN_DOCUMENTATION_COMMENTS = YES;
				CLANG_WARN_EMPTY_BODY = YES;
				CLANG_WARN_ENUM_CONVERSION = YES;
				CLANG_WARN_INFINITE_RECURSION = YES;
				CLANG_WARN_INT_CONVERSION = YES;
				CLANG_WARN_NON_LITERAL_NULL_CONVERSION = YES;
				CLANG_WARN_OBJC_IMPLICIT_RETAIN_SELF = YES;
				CLANG_WARN_OBJC_LITERAL_CONVERSION = YES;
				CLANG_WARN_OBJC_ROOT_CLASS = YES_ERROR;
				CLANG_WARN_RANGE_LOOP_ANALYSIS = YES;
				CLANG_WARN_STRICT_PROTOTYPES = YES;
				CLANG_WARN_SUSPICIOUS_MOVE = YES;
				CLANG_WARN_UNGUARDED_AVAILABILITY = YES_AGGRESSIVE;
				CLANG_WARN_UNREACHABLE_CODE = YES;
				CLANG_WARN__DUPLICATE_METHOD_MATCH = YES;
				CODE_SIGN_IDENTITY = "Mac Developer";
				COPY_PHASE_STRIP = NO;
				DEBUG_INFORMATION_FORMAT = "dwarf-with-dsym";
				ENABLE_NS_ASSERTIONS = NO;
				ENABLE_STRICT_OBJC_MSGSEND = YES;
				GCC_C_LANGUAGE_STANDARD = gnu11;
				GCC_NO_COMMON_BLOCKS = YES;
				GCC_WARN_64_TO_32_BIT_CONVERSION = YES;
				GCC_WARN_ABOUT_RETURN_TYPE = YES_ERROR;
				GCC_WARN_UNDECLARED_SELECTOR = YES;
				GCC_WARN_UNINITIALIZED_AUTOS = YES_AGGRESSIVE;
				GCC_WARN_UNUSED_FUNCTION = YES;
				GCC_WARN_UNUSED_VARIABLE = YES;
				MACOSX_DEPLOYMENT_TARGET = 10.14;
				MTL_ENABLE_DEBUG_INFO = NO;
				MTL_FAST_MATH = YES;
				SDKROOT = macosx;
			};
			name = Release;
		};
		0DCAFC9F21AAEDB900968AB3 /* Debug */ = {
			isa = XCBuildConfiguration;
			buildSettings = {
				CODE_SIGN_STYLE = Automatic;
				DEVELOPMENT_TEAM = 389BMU82Q2;
				PRODUCT_NAME = "$(TARGET_NAME)";
			};
			name = Debug;
		};
		0DCAFCA021AAEDB900968AB3 /* Release */ = {
			isa = XCBuildConfiguration;
			buildSettings = {
				CODE_SIGN_STYLE = Automatic;
				DEVELOPMENT_TEAM = 389BMU82Q2;
				PRODUCT_NAME = "$(TARGET_NAME)";
			};
			name = Release;
		};
		0DCAFCAA21AAEE1600968AB3 /* Debug */ = {
			isa = XCBuildConfiguration;
			buildSettings = {
				CODE_SIGN_STYLE = Automatic;
				DEVELOPMENT_TEAM = 389BMU82Q2;
				PRODUCT_NAME = "$(TARGET_NAME)";
			};
			name = Debug;
		};
		0DCAFCAB21AAEE1600968AB3 /* Release */ = {
			isa = XCBuildConfiguration;
			buildSettings = {
				CODE_SIGN_STYLE = Automatic;
				DEVELOPMENT_TEAM = 389BMU82Q2;
				PRODUCT_NAME = "$(TARGET_NAME)";
			};
			name = Release;
		};
/* End XCBuildConfiguration section */

/* Begin XCConfigurationList section */
		0D0A818F21B5815C001470EE /* Build configuration list for PBXNativeTarget "TemplateMethod" */ = {
			isa = XCConfigurationList;
			buildConfigurations = (
				0D0A819021B5815C001470EE /* Debug */,
				0D0A819121B5815C001470EE /* Release */,
			);
			defaultConfigurationIsVisible = 0;
			defaultConfigurationName = Release;
		};
		0D0C5B7721B3FD9D00BBBBE0 /* Build configuration list for PBXNativeTarget "Adapter" */ = {
			isa = XCConfigurationList;
			buildConfigurations = (
				0D0C5B7521B3FD9D00BBBBE0 /* Debug */,
				0D0C5B7621B3FD9D00BBBBE0 /* Release */,
			);
			defaultConfigurationIsVisible = 0;
			defaultConfigurationName = Release;
		};
		0DB028FA21B3BA8B00919B87 /* Build configuration list for PBXNativeTarget "Command" */ = {
			isa = XCConfigurationList;
			buildConfigurations = (
				0DB028F821B3BA8B00919B87 /* Debug */,
				0DB028F921B3BA8B00919B87 /* Release */,
			);
			defaultConfigurationIsVisible = 0;
			defaultConfigurationName = Release;
		};
		0DCAFC9221AAEDB900968AB3 /* Build configuration list for PBXProject "DesignPatterns" */ = {
			isa = XCConfigurationList;
			buildConfigurations = (
				0DCAFC9C21AAEDB900968AB3 /* Debug */,
				0DCAFC9D21AAEDB900968AB3 /* Release */,
			);
			defaultConfigurationIsVisible = 0;
			defaultConfigurationName = Release;
		};
		0DCAFC9E21AAEDB900968AB3 /* Build configuration list for PBXNativeTarget "DesignPatterns" */ = {
			isa = XCConfigurationList;
			buildConfigurations = (
				0DCAFC9F21AAEDB900968AB3 /* Debug */,
				0DCAFCA021AAEDB900968AB3 /* Release */,
			);
			defaultConfigurationIsVisible = 0;
			defaultConfigurationName = Release;
		};
		0DCAFCA921AAEE1600968AB3 /* Build configuration list for PBXNativeTarget "Factory" */ = {
			isa = XCConfigurationList;
			buildConfigurations = (
				0DCAFCAA21AAEE1600968AB3 /* Debug */,
				0DCAFCAB21AAEE1600968AB3 /* Release */,
			);
			defaultConfigurationIsVisible = 0;
			defaultConfigurationName = Release;
		};
/* End XCConfigurationList section */
	};
	rootObject = 0DCAFC8F21AAEDB900968AB3 /* Project object */;
}
